// !$*UTF8*$!
{
	archiveVersion = 1;
	classes = {
	};
	objectVersion = 52;
	objects = {

/* Begin PBXBuildFile section */
		0F2370D1244E8CEA009F7914 /* AppDelegate.swift in Sources */ = {isa = PBXBuildFile; fileRef = 0F2370D0244E8CEA009F7914 /* AppDelegate.swift */; };
		0F2370D3244E8CEA009F7914 /* WebViewController.swift in Sources */ = {isa = PBXBuildFile; fileRef = 0F2370D2244E8CEA009F7914 /* WebViewController.swift */; };
		0F2370D5244E8CEA009F7914 /* Document.swift in Sources */ = {isa = PBXBuildFile; fileRef = 0F2370D4244E8CEA009F7914 /* Document.swift */; };
		0F2370D7244E8CEC009F7914 /* Assets.xcassets in Resources */ = {isa = PBXBuildFile; fileRef = 0F2370D6244E8CEC009F7914 /* Assets.xcassets */; };
		0F2370DA244E8CEC009F7914 /* Main.storyboard in Resources */ = {isa = PBXBuildFile; fileRef = 0F2370D8244E8CEC009F7914 /* Main.storyboard */; };
		0F2370E6244E8CEC009F7914 /* He3UITests.swift in Sources */ = {isa = PBXBuildFile; fileRef = 0F2370E5244E8CEC009F7914 /* He3UITests.swift */; };
		0F2370F5244E904E009F7914 /* About.swift in Sources */ = {isa = PBXBuildFile; fileRef = 0F2370F4244E904E009F7914 /* About.swift */; };
		0F2370F9244E95DC009F7914 /* Panel.swift in Sources */ = {isa = PBXBuildFile; fileRef = 0F2370F8244E95DC009F7914 /* Panel.swift */; };
		0F2370FB244E95E3009F7914 /* PlaylistPanelController.swift in Sources */ = {isa = PBXBuildFile; fileRef = 0F2370FA244E95E3009F7914 /* PlaylistPanelController.swift */; };
		0F2370FD244E95ED009F7914 /* PanelController.swift in Sources */ = {isa = PBXBuildFile; fileRef = 0F2370FC244E95ED009F7914 /* PanelController.swift */; };
		0F2370FF244E9601009F7914 /* PlaylistViewController.swift in Sources */ = {isa = PBXBuildFile; fileRef = 0F2370FE244E9601009F7914 /* PlaylistViewController.swift */; };
		0F237113244E9AA1009F7914 /* Help in Resources */ = {isa = PBXBuildFile; fileRef = 0F237112244E9AA1009F7914 /* Help */; };
		0F529002244F142800A9B9DC /* Cocoa.framework in Frameworks */ = {isa = PBXBuildFile; fileRef = 0F529001244F142800A9B9DC /* Cocoa.framework */; };
		0F52900E244F142800A9B9DC /* He3ShareExtension.appex in Embed App Extensions */ = {isa = PBXBuildFile; fileRef = 0F528FFF244F142800A9B9DC /* He3ShareExtension.appex */; settings = {ATTRIBUTES = (RemoveHeadersOnCopy, ); }; };
		0F529030244F3A5800A9B9DC /* He3Tests.swift in Sources */ = {isa = PBXBuildFile; fileRef = 0F52902F244F3A5800A9B9DC /* He3Tests.swift */; };
		0F5290A2244F665900A9B9DC /* ShareViewController.swift in Sources */ = {isa = PBXBuildFile; fileRef = 0F52901B244F14A400A9B9DC /* ShareViewController.swift */; };
		0F5290A3244F665D00A9B9DC /* ShareViewController.xib in Resources */ = {isa = PBXBuildFile; fileRef = 0F52901D244F14A400A9B9DC /* ShareViewController.xib */; };
		0F5290AF244F6C0D00A9B9DC /* WindowButtonBar.swift in Sources */ = {isa = PBXBuildFile; fileRef = 0F5290A6244F6C0C00A9B9DC /* WindowButtonBar.swift */; };
		0F5290B0244F6C0D00A9B9DC /* UrlHelpers.swift in Sources */ = {isa = PBXBuildFile; fileRef = 0F5290A7244F6C0C00A9B9DC /* UrlHelpers.swift */; };
		0F5290B1244F6C0D00A9B9DC /* ValueTransformers.swift in Sources */ = {isa = PBXBuildFile; fileRef = 0F5290A8244F6C0C00A9B9DC /* ValueTransformers.swift */; };
		0F5290B2244F6C0D00A9B9DC /* UserSettings.swift in Sources */ = {isa = PBXBuildFile; fileRef = 0F5290AA244F6C0D00A9B9DC /* UserSettings.swift */; };
		0F5290B3244F6C0D00A9B9DC /* StringHelpers.swift in Sources */ = {isa = PBXBuildFile; fileRef = 0F5290AB244F6C0D00A9B9DC /* StringHelpers.swift */; };
		0F5290B4244F6C0D00A9B9DC /* PanelButtonBar.swift in Sources */ = {isa = PBXBuildFile; fileRef = 0F5290AC244F6C0D00A9B9DC /* PanelButtonBar.swift */; };
		0F5290B5244F6C0D00A9B9DC /* LoginItemAutoStart.swift in Sources */ = {isa = PBXBuildFile; fileRef = 0F5290AD244F6C0D00A9B9DC /* LoginItemAutoStart.swift */; };
		0F5290B9244F6C9100A9B9DC /* dsa_pub.pem in Resources */ = {isa = PBXBuildFile; fileRef = 0F5290B8244F6C9100A9B9DC /* dsa_pub.pem */; };
		0F5290BD2451D3C400A9B9DC /* He3.icns in Resources */ = {isa = PBXBuildFile; fileRef = 0F5290BC2451D3C300A9B9DC /* He3.icns */; };
		0FBD9BAF2454603200332EEB /* he3_logo.icns in Resources */ = {isa = PBXBuildFile; fileRef = 0FBD9BAE2454603200332EEB /* he3_logo.icns */; };
		0FBD9BB624546E3900332EEB /* Down in Frameworks */ = {isa = PBXBuildFile; productRef = 0FBD9BB524546E3900332EEB /* Down */; };
		0FBD9BB8245473C600332EEB /* itemIcon.icns in Resources */ = {isa = PBXBuildFile; fileRef = 0FBD9BB7245473C500332EEB /* itemIcon.icns */; };
		0FBD9BBA2454746200332EEB /* listIcon.icns in Resources */ = {isa = PBXBuildFile; fileRef = 0FBD9BB92454746200332EEB /* listIcon.icns */; };
		0FBD9BBC2454767300332EEB /* icntIcon.icns in Resources */ = {isa = PBXBuildFile; fileRef = 0FBD9BBB2454767300332EEB /* icntIcon.icns */; };
/* End PBXBuildFile section */

/* Begin PBXContainerItemProxy section */
		0F2370E2244E8CEC009F7914 /* PBXContainerItemProxy */ = {
			isa = PBXContainerItemProxy;
			containerPortal = 0F2370C5244E8CEA009F7914 /* Project object */;
			proxyType = 1;
			remoteGlobalIDString = 0F2370CC244E8CEA009F7914;
			remoteInfo = He3;
		};
		0F52900C244F142800A9B9DC /* PBXContainerItemProxy */ = {
			isa = PBXContainerItemProxy;
			containerPortal = 0F2370C5244E8CEA009F7914 /* Project object */;
			proxyType = 1;
			remoteGlobalIDString = 0F528FFE244F142800A9B9DC;
			remoteInfo = He3ShareExtension;
		};
		0F529032244F3A5800A9B9DC /* PBXContainerItemProxy */ = {
			isa = PBXContainerItemProxy;
			containerPortal = 0F2370C5244E8CEA009F7914 /* Project object */;
			proxyType = 1;
			remoteGlobalIDString = 0F2370CC244E8CEA009F7914;
			remoteInfo = He3;
		};
		0FBD9BCB24566C5500332EEB /* PBXContainerItemProxy */ = {
			isa = PBXContainerItemProxy;
			containerPortal = 0F2370C5244E8CEA009F7914 /* Project object */;
			proxyType = 1;
			remoteGlobalIDString = 0F2370CC244E8CEA009F7914;
			remoteInfo = He3;
		};
/* End PBXContainerItemProxy section */

/* Begin PBXCopyFilesBuildPhase section */
		0F529012244F142800A9B9DC /* Embed App Extensions */ = {
			isa = PBXCopyFilesBuildPhase;
			buildActionMask = 2147483647;
			dstPath = "";
			dstSubfolderSpec = 13;
			files = (
				0F52900E244F142800A9B9DC /* He3ShareExtension.appex in Embed App Extensions */,
			);
			name = "Embed App Extensions";
			runOnlyForDeploymentPostprocessing = 0;
		};
		0F5290BA2450422E00A9B9DC /* CopyFiles */ = {
			isa = PBXCopyFilesBuildPhase;
			buildActionMask = 2147483647;
			dstPath = "";
			dstSubfolderSpec = 7;
			files = (
			);
			runOnlyForDeploymentPostprocessing = 0;
		};
		0FBD9BC124566C1C00332EEB /* CopyFiles */ = {
			isa = PBXCopyFilesBuildPhase;
			buildActionMask = 2147483647;
			dstPath = /usr/share/man/man1/;
			dstSubfolderSpec = 0;
			files = (
			);
			runOnlyForDeploymentPostprocessing = 1;
		};
/* End PBXCopyFilesBuildPhase section */

/* Begin PBXFileReference section */
		0F07BF92245376A800F9D020 /* He3x.icns */ = {isa = PBXFileReference; lastKnownFileType = image.icns; name = He3x.icns; path = He3/Assets/He3x/He3x.icns; sourceTree = "<group>"; };
		0F2370CD244E8CEA009F7914 /* He3.app */ = {isa = PBXFileReference; explicitFileType = wrapper.application; includeInIndex = 0; path = He3.app; sourceTree = BUILT_PRODUCTS_DIR; };
		0F2370D0244E8CEA009F7914 /* AppDelegate.swift */ = {isa = PBXFileReference; lastKnownFileType = sourcecode.swift; path = AppDelegate.swift; sourceTree = "<group>"; };
		0F2370D2244E8CEA009F7914 /* WebViewController.swift */ = {isa = PBXFileReference; lastKnownFileType = sourcecode.swift; path = WebViewController.swift; sourceTree = "<group>"; };
		0F2370D4244E8CEA009F7914 /* Document.swift */ = {isa = PBXFileReference; lastKnownFileType = sourcecode.swift; path = Document.swift; sourceTree = "<group>"; };
		0F2370D6244E8CEC009F7914 /* Assets.xcassets */ = {isa = PBXFileReference; lastKnownFileType = folder.assetcatalog; path = Assets.xcassets; sourceTree = "<group>"; };
		0F2370D9244E8CEC009F7914 /* Base */ = {isa = PBXFileReference; lastKnownFileType = file.storyboard; name = Base; path = Base.lproj/Main.storyboard; sourceTree = "<group>"; };
		0F2370DB244E8CEC009F7914 /* Info.plist */ = {isa = PBXFileReference; lastKnownFileType = text.plist.xml; path = Info.plist; sourceTree = "<group>"; };
		0F2370DC244E8CEC009F7914 /* He3.entitlements */ = {isa = PBXFileReference; lastKnownFileType = text.plist.entitlements; path = He3.entitlements; sourceTree = "<group>"; };
		0F2370E1244E8CEC009F7914 /* He3UITests.xctest */ = {isa = PBXFileReference; explicitFileType = wrapper.cfbundle; includeInIndex = 0; path = He3UITests.xctest; sourceTree = BUILT_PRODUCTS_DIR; };
		0F2370E5244E8CEC009F7914 /* He3UITests.swift */ = {isa = PBXFileReference; lastKnownFileType = sourcecode.swift; path = He3UITests.swift; sourceTree = "<group>"; };
		0F2370E7244E8CEC009F7914 /* Info.plist */ = {isa = PBXFileReference; lastKnownFileType = text.plist.xml; path = Info.plist; sourceTree = "<group>"; };
		0F2370F4244E904E009F7914 /* About.swift */ = {isa = PBXFileReference; fileEncoding = 4; lastKnownFileType = sourcecode.swift; path = About.swift; sourceTree = "<group>"; };
		0F2370F8244E95DC009F7914 /* Panel.swift */ = {isa = PBXFileReference; fileEncoding = 4; lastKnownFileType = sourcecode.swift; path = Panel.swift; sourceTree = "<group>"; };
		0F2370FA244E95E3009F7914 /* PlaylistPanelController.swift */ = {isa = PBXFileReference; fileEncoding = 4; lastKnownFileType = sourcecode.swift; path = PlaylistPanelController.swift; sourceTree = "<group>"; };
		0F2370FC244E95ED009F7914 /* PanelController.swift */ = {isa = PBXFileReference; fileEncoding = 4; lastKnownFileType = sourcecode.swift; path = PanelController.swift; sourceTree = "<group>"; };
		0F2370FE244E9601009F7914 /* PlaylistViewController.swift */ = {isa = PBXFileReference; fileEncoding = 4; lastKnownFileType = sourcecode.swift; path = PlaylistViewController.swift; sourceTree = "<group>"; };
		0F237112244E9AA1009F7914 /* Help */ = {isa = PBXFileReference; lastKnownFileType = folder; path = Help; sourceTree = "<group>"; };
		0F2DF8C42458644200707628 /* He3.playground */ = {isa = PBXFileReference; lastKnownFileType = file.playground; path = He3.playground; sourceTree = "<group>"; xcLanguageSpecificationIdentifier = xcode.lang.swift; };
		0F528FFF244F142800A9B9DC /* He3ShareExtension.appex */ = {isa = PBXFileReference; explicitFileType = "wrapper.app-extension"; includeInIndex = 0; path = He3ShareExtension.appex; sourceTree = BUILT_PRODUCTS_DIR; };
		0F529001244F142800A9B9DC /* Cocoa.framework */ = {isa = PBXFileReference; lastKnownFileType = wrapper.framework; name = Cocoa.framework; path = System/Library/Frameworks/Cocoa.framework; sourceTree = SDKROOT; };
		0F529019244F14A400A9B9DC /* icon.icns */ = {isa = PBXFileReference; lastKnownFileType = image.icns; path = icon.icns; sourceTree = "<group>"; };
		0F52901B244F14A400A9B9DC /* ShareViewController.swift */ = {isa = PBXFileReference; lastKnownFileType = sourcecode.swift; path = ShareViewController.swift; sourceTree = "<group>"; };
		0F52901E244F14A400A9B9DC /* Base */ = {isa = PBXFileReference; lastKnownFileType = file.xib; name = Base; path = Base.lproj/ShareViewController.xib; sourceTree = "<group>"; };
		0F529020244F14A400A9B9DC /* Info.plist */ = {isa = PBXFileReference; lastKnownFileType = text.plist.xml; path = Info.plist; sourceTree = "<group>"; };
		0F529021244F14A400A9B9DC /* H3ShareExtension.entitlements */ = {isa = PBXFileReference; lastKnownFileType = text.plist.entitlements; name = H3ShareExtension.entitlements; path = Support/H3ShareExtension.entitlements; sourceTree = "<group>"; };
		0F52902D244F3A5800A9B9DC /* He3Tests.xctest */ = {isa = PBXFileReference; explicitFileType = wrapper.cfbundle; includeInIndex = 0; path = He3Tests.xctest; sourceTree = BUILT_PRODUCTS_DIR; };
		0F52902F244F3A5800A9B9DC /* He3Tests.swift */ = {isa = PBXFileReference; lastKnownFileType = sourcecode.swift; path = He3Tests.swift; sourceTree = "<group>"; };
		0F529031244F3A5800A9B9DC /* Info.plist */ = {isa = PBXFileReference; lastKnownFileType = text.plist.xml; path = Info.plist; sourceTree = "<group>"; };
		0F52909E244F44DA00A9B9DC /* build-dmg.sh */ = {isa = PBXFileReference; fileEncoding = 4; lastKnownFileType = text.script.sh; path = "build-dmg.sh"; sourceTree = "<group>"; };
		0F5290A5244F6C0C00A9B9DC /* WKWebViewPrivate.h */ = {isa = PBXFileReference; fileEncoding = 4; lastKnownFileType = sourcecode.c.h; name = WKWebViewPrivate.h; path = He3/Support/WKWebViewPrivate.h; sourceTree = SOURCE_ROOT; };
		0F5290A6244F6C0C00A9B9DC /* WindowButtonBar.swift */ = {isa = PBXFileReference; fileEncoding = 4; lastKnownFileType = sourcecode.swift; name = WindowButtonBar.swift; path = He3/Support/WindowButtonBar.swift; sourceTree = SOURCE_ROOT; };
		0F5290A7244F6C0C00A9B9DC /* UrlHelpers.swift */ = {isa = PBXFileReference; fileEncoding = 4; lastKnownFileType = sourcecode.swift; name = UrlHelpers.swift; path = He3/Support/UrlHelpers.swift; sourceTree = SOURCE_ROOT; };
		0F5290A8244F6C0C00A9B9DC /* ValueTransformers.swift */ = {isa = PBXFileReference; fileEncoding = 4; lastKnownFileType = sourcecode.swift; name = ValueTransformers.swift; path = He3/Support/ValueTransformers.swift; sourceTree = SOURCE_ROOT; };
		0F5290A9244F6C0C00A9B9DC /* Bridging-Header.h */ = {isa = PBXFileReference; fileEncoding = 4; lastKnownFileType = sourcecode.c.h; name = "Bridging-Header.h"; path = "He3/Support/Bridging-Header.h"; sourceTree = SOURCE_ROOT; };
		0F5290AA244F6C0D00A9B9DC /* UserSettings.swift */ = {isa = PBXFileReference; fileEncoding = 4; lastKnownFileType = sourcecode.swift; name = UserSettings.swift; path = He3/Support/UserSettings.swift; sourceTree = SOURCE_ROOT; };
		0F5290AB244F6C0D00A9B9DC /* StringHelpers.swift */ = {isa = PBXFileReference; fileEncoding = 4; lastKnownFileType = sourcecode.swift; name = StringHelpers.swift; path = He3/Support/StringHelpers.swift; sourceTree = SOURCE_ROOT; };
		0F5290AC244F6C0D00A9B9DC /* PanelButtonBar.swift */ = {isa = PBXFileReference; fileEncoding = 4; lastKnownFileType = sourcecode.swift; name = PanelButtonBar.swift; path = He3/Support/PanelButtonBar.swift; sourceTree = SOURCE_ROOT; };
		0F5290AD244F6C0D00A9B9DC /* LoginItemAutoStart.swift */ = {isa = PBXFileReference; fileEncoding = 4; lastKnownFileType = sourcecode.swift; name = LoginItemAutoStart.swift; path = He3/Support/LoginItemAutoStart.swift; sourceTree = SOURCE_ROOT; };
		0F5290AE244F6C0D00A9B9DC /* Sparkle.framework */ = {isa = PBXFileReference; lastKnownFileType = wrapper.framework; name = Sparkle.framework; path = He3/Support/Sparkle.framework; sourceTree = SOURCE_ROOT; };
		0F5290B8244F6C9100A9B9DC /* dsa_pub.pem */ = {isa = PBXFileReference; lastKnownFileType = text; name = dsa_pub.pem; path = He3/Resources/dsa_pub.pem; sourceTree = SOURCE_ROOT; };
		0F5290BC2451D3C300A9B9DC /* He3.icns */ = {isa = PBXFileReference; lastKnownFileType = image.icns; name = He3.icns; path = "He3/Assets/App Icon/He3.icns"; sourceTree = "<group>"; };
		0FBD9BAE2454603200332EEB /* he3_logo.icns */ = {isa = PBXFileReference; lastKnownFileType = image.icns; name = he3_logo.icns; path = "He3/Assets/he3 logo/he3_logo.icns"; sourceTree = "<group>"; };
		0FBD9BB7245473C500332EEB /* itemIcon.icns */ = {isa = PBXFileReference; lastKnownFileType = image.icns; name = itemIcon.icns; path = "He3/Assets/item Icon/itemIcon.icns"; sourceTree = "<group>"; };
		0FBD9BB92454746200332EEB /* listIcon.icns */ = {isa = PBXFileReference; lastKnownFileType = image.icns; name = listIcon.icns; path = "He3/Assets/list Icon/listIcon.icns"; sourceTree = "<group>"; };
		0FBD9BBB2454767300332EEB /* icntIcon.icns */ = {isa = PBXFileReference; lastKnownFileType = image.icns; name = icntIcon.icns; path = He3/Assets/icntIcon/icntIcon.icns; sourceTree = "<group>"; };
		0FBD9BC324566C1C00332EEB /* He3-dmg */ = {isa = PBXFileReference; explicitFileType = "compiled.mach-o.executable"; includeInIndex = 0; path = "He3-dmg"; sourceTree = BUILT_PRODUCTS_DIR; };
		0FBD9BC524566C1C00332EEB /* main.swift */ = {isa = PBXFileReference; lastKnownFileType = sourcecode.swift; path = main.swift; sourceTree = "<group>"; };
/* End PBXFileReference section */

/* Begin PBXFrameworksBuildPhase section */
		0F2370CA244E8CEA009F7914 /* Frameworks */ = {
			isa = PBXFrameworksBuildPhase;
			buildActionMask = 2147483647;
			files = (
				0FBD9BB624546E3900332EEB /* Down in Frameworks */,
			);
			runOnlyForDeploymentPostprocessing = 0;
		};
		0F2370DE244E8CEC009F7914 /* Frameworks */ = {
			isa = PBXFrameworksBuildPhase;
			buildActionMask = 2147483647;
			files = (
			);
			runOnlyForDeploymentPostprocessing = 0;
		};
		0F528FFC244F142800A9B9DC /* Frameworks */ = {
			isa = PBXFrameworksBuildPhase;
			buildActionMask = 2147483647;
			files = (
				0F529002244F142800A9B9DC /* Cocoa.framework in Frameworks */,
			);
			runOnlyForDeploymentPostprocessing = 0;
		};
		0F52902A244F3A5800A9B9DC /* Frameworks */ = {
			isa = PBXFrameworksBuildPhase;
			buildActionMask = 2147483647;
			files = (
			);
			runOnlyForDeploymentPostprocessing = 0;
		};
		0FBD9BC024566C1C00332EEB /* Frameworks */ = {
			isa = PBXFrameworksBuildPhase;
			buildActionMask = 2147483647;
			files = (
			);
			runOnlyForDeploymentPostprocessing = 0;
		};
/* End PBXFrameworksBuildPhase section */

/* Begin PBXGroup section */
		0F2370C4244E8CEA009F7914 = {
			isa = PBXGroup;
			children = (
				0F5290BC2451D3C300A9B9DC /* He3.icns */,
				0F07BF92245376A800F9D020 /* He3x.icns */,
				0FBD9BAE2454603200332EEB /* he3_logo.icns */,
				0FBD9BBB2454767300332EEB /* icntIcon.icns */,
				0FBD9BB7245473C500332EEB /* itemIcon.icns */,
				0FBD9BB92454746200332EEB /* listIcon.icns */,
				0F2370CF244E8CEA009F7914 /* He3 */,
				0F529018244F14A400A9B9DC /* He3ShareExtension */,
				0F52902E244F3A5800A9B9DC /* He3Tests */,
				0F2370E4244E8CEC009F7914 /* He3UITests */,
				0FBD9BC424566C1C00332EEB /* He3-dmg */,
				0F529000244F142800A9B9DC /* Frameworks */,
				0F2370CE244E8CEA009F7914 /* Products */,
			);
			sourceTree = "<group>";
		};
		0F2370CE244E8CEA009F7914 /* Products */ = {
			isa = PBXGroup;
			children = (
				0F2370CD244E8CEA009F7914 /* He3.app */,
				0F2370E1244E8CEC009F7914 /* He3UITests.xctest */,
				0F528FFF244F142800A9B9DC /* He3ShareExtension.appex */,
				0F52902D244F3A5800A9B9DC /* He3Tests.xctest */,
				0FBD9BC324566C1C00332EEB /* He3-dmg */,
			);
			name = Products;
			sourceTree = "<group>";
		};
		0F2370CF244E8CEA009F7914 /* He3 */ = {
			isa = PBXGroup;
			children = (
				0F2370F4244E904E009F7914 /* About.swift */,
				0F2370D0244E8CEA009F7914 /* AppDelegate.swift */,
				0F2370D4244E8CEA009F7914 /* Document.swift */,
				0F2370F8244E95DC009F7914 /* Panel.swift */,
				0F2370FC244E95ED009F7914 /* PanelController.swift */,
				0F2370FA244E95E3009F7914 /* PlaylistPanelController.swift */,
				0F2370FE244E9601009F7914 /* PlaylistViewController.swift */,
				0F2370D2244E8CEA009F7914 /* WebViewController.swift */,
				0F2370D6244E8CEC009F7914 /* Assets.xcassets */,
				0F2370D8244E8CEC009F7914 /* Main.storyboard */,
				0F2370DB244E8CEC009F7914 /* Info.plist */,
				0F5290B7244F6C8300A9B9DC /* Resources */,
				0F5290A4244F6BDA00A9B9DC /* Support */,
				0F2370DC244E8CEC009F7914 /* He3.entitlements */,
			);
			path = He3;
			sourceTree = "<group>";
		};
		0F2370E4244E8CEC009F7914 /* He3UITests */ = {
			isa = PBXGroup;
			children = (
				0F2370E5244E8CEC009F7914 /* He3UITests.swift */,
				0F2370E7244E8CEC009F7914 /* Info.plist */,
			);
			path = He3UITests;
			sourceTree = "<group>";
		};
		0F529000244F142800A9B9DC /* Frameworks */ = {
			isa = PBXGroup;
			children = (
				0F529001244F142800A9B9DC /* Cocoa.framework */,
			);
			name = Frameworks;
			sourceTree = "<group>";
		};
		0F529018244F14A400A9B9DC /* He3ShareExtension */ = {
			isa = PBXGroup;
			children = (
				0F52901B244F14A400A9B9DC /* ShareViewController.swift */,
				0F52901D244F14A400A9B9DC /* ShareViewController.xib */,
				0F529020244F14A400A9B9DC /* Info.plist */,
				0F529021244F14A400A9B9DC /* H3ShareExtension.entitlements */,
				0F529028244F2B6000A9B9DC /* Support */,
			);
			path = He3ShareExtension;
			sourceTree = "<group>";
		};
		0F529028244F2B6000A9B9DC /* Support */ = {
			isa = PBXGroup;
			children = (
				0F529019244F14A400A9B9DC /* icon.icns */,
			);
			path = Support;
			sourceTree = "<group>";
		};
		0F52902E244F3A5800A9B9DC /* He3Tests */ = {
			isa = PBXGroup;
			children = (
				0F52902F244F3A5800A9B9DC /* He3Tests.swift */,
				0F529031244F3A5800A9B9DC /* Info.plist */,
			);
			path = He3Tests;
			sourceTree = "<group>";
		};
		0F5290A4244F6BDA00A9B9DC /* Support */ = {
			isa = PBXGroup;
			children = (
				0F5290A9244F6C0C00A9B9DC /* Bridging-Header.h */,
				0F5290AD244F6C0D00A9B9DC /* LoginItemAutoStart.swift */,
				0F5290AC244F6C0D00A9B9DC /* PanelButtonBar.swift */,
				0F5290AE244F6C0D00A9B9DC /* Sparkle.framework */,
				0F5290AB244F6C0D00A9B9DC /* StringHelpers.swift */,
				0F5290A7244F6C0C00A9B9DC /* UrlHelpers.swift */,
				0F5290AA244F6C0D00A9B9DC /* UserSettings.swift */,
				0F5290A8244F6C0C00A9B9DC /* ValueTransformers.swift */,
				0F5290A6244F6C0C00A9B9DC /* WindowButtonBar.swift */,
				0F5290A5244F6C0C00A9B9DC /* WKWebViewPrivate.h */,
			);
			path = Support;
			sourceTree = "<group>";
		};
		0F5290B7244F6C8300A9B9DC /* Resources */ = {
			isa = PBXGroup;
			children = (
				0F2DF8C42458644200707628 /* He3.playground */,
				0F237112244E9AA1009F7914 /* Help */,
				0F5290B8244F6C9100A9B9DC /* dsa_pub.pem */,
			);
			path = Resources;
			sourceTree = "<group>";
		};
		0FBD9BC424566C1C00332EEB /* He3-dmg */ = {
			isa = PBXGroup;
			children = (
				0FBD9BC524566C1C00332EEB /* main.swift */,
				0F52909E244F44DA00A9B9DC /* build-dmg.sh */,
			);
			path = "He3-dmg";
			sourceTree = "<group>";
		};
/* End PBXGroup section */

/* Begin PBXNativeTarget section */
		0F2370CC244E8CEA009F7914 /* He3 */ = {
			isa = PBXNativeTarget;
			buildConfigurationList = 0F2370EA244E8CEC009F7914 /* Build configuration list for PBXNativeTarget "He3" */;
			buildPhases = (
				0F2370C9244E8CEA009F7914 /* Sources */,
				0F2370CA244E8CEA009F7914 /* Frameworks */,
				0F2370CB244E8CEA009F7914 /* Resources */,
				0F529012244F142800A9B9DC /* Embed App Extensions */,
				0F5290BA2450422E00A9B9DC /* CopyFiles */,
			);
			buildRules = (
			);
			dependencies = (
				0F52900D244F142800A9B9DC /* PBXTargetDependency */,
			);
			name = He3;
			packageProductDependencies = (
				0FBD9BB524546E3900332EEB /* Down */,
			);
			productName = He3;
			productReference = 0F2370CD244E8CEA009F7914 /* He3.app */;
			productType = "com.apple.product-type.application";
		};
		0F2370E0244E8CEC009F7914 /* He3UITests */ = {
			isa = PBXNativeTarget;
			buildConfigurationList = 0F2370ED244E8CEC009F7914 /* Build configuration list for PBXNativeTarget "He3UITests" */;
			buildPhases = (
				0F2370DD244E8CEC009F7914 /* Sources */,
				0F2370DE244E8CEC009F7914 /* Frameworks */,
				0F2370DF244E8CEC009F7914 /* Resources */,
			);
			buildRules = (
			);
			dependencies = (
				0F2370E3244E8CEC009F7914 /* PBXTargetDependency */,
			);
			name = He3UITests;
			productName = He3UITests;
			productReference = 0F2370E1244E8CEC009F7914 /* He3UITests.xctest */;
			productType = "com.apple.product-type.bundle.ui-testing";
		};
		0F528FFE244F142800A9B9DC /* He3ShareExtension */ = {
			isa = PBXNativeTarget;
			buildConfigurationList = 0F52900F244F142800A9B9DC /* Build configuration list for PBXNativeTarget "He3ShareExtension" */;
			buildPhases = (
				0FBD9BCF2457077900332EEB /* ShellScript */,
				0F528FFB244F142800A9B9DC /* Sources */,
				0F528FFC244F142800A9B9DC /* Frameworks */,
				0F528FFD244F142800A9B9DC /* Resources */,
			);
			buildRules = (
			);
			dependencies = (
			);
			name = He3ShareExtension;
			productName = He3ShareExtension;
			productReference = 0F528FFF244F142800A9B9DC /* He3ShareExtension.appex */;
			productType = "com.apple.product-type.app-extension";
		};
		0F52902C244F3A5800A9B9DC /* He3Tests */ = {
			isa = PBXNativeTarget;
			buildConfigurationList = 0F529034244F3A5800A9B9DC /* Build configuration list for PBXNativeTarget "He3Tests" */;
			buildPhases = (
				0F529029244F3A5800A9B9DC /* Sources */,
				0F52902A244F3A5800A9B9DC /* Frameworks */,
				0F52902B244F3A5800A9B9DC /* Resources */,
			);
			buildRules = (
			);
			dependencies = (
				0F529033244F3A5800A9B9DC /* PBXTargetDependency */,
			);
			name = He3Tests;
			productName = He3Tests;
			productReference = 0F52902D244F3A5800A9B9DC /* He3Tests.xctest */;
			productType = "com.apple.product-type.bundle.unit-test";
		};
		0FBD9BC224566C1C00332EEB /* He3-dmg */ = {
			isa = PBXNativeTarget;
			buildConfigurationList = 0FBD9BC724566C1C00332EEB /* Build configuration list for PBXNativeTarget "He3-dmg" */;
			buildPhases = (
				0FBD9BBF24566C1C00332EEB /* Sources */,
				0FBD9BC024566C1C00332EEB /* Frameworks */,
				0FBD9BC124566C1C00332EEB /* CopyFiles */,
				0FBD9BCA24566C3B00332EEB /* Build DMG */,
			);
			buildRules = (
			);
			dependencies = (
				0FBD9BCC24566C5500332EEB /* PBXTargetDependency */,
			);
			name = "He3-dmg";
			productName = "He3-dmg";
			productReference = 0FBD9BC324566C1C00332EEB /* He3-dmg */;
			productType = "com.apple.product-type.tool";
		};
/* End PBXNativeTarget section */

/* Begin PBXProject section */
		0F2370C5244E8CEA009F7914 /* Project object */ = {
			isa = PBXProject;
			attributes = {
				LastSwiftUpdateCheck = 1130;
				LastUpgradeCheck = 1130;
				ORGANIZATIONNAME = "Carlos D. Santiago";
				TargetAttributes = {
					0F2370CC244E8CEA009F7914 = {
						CreatedOnToolsVersion = 11.3.1;
					};
					0F2370E0244E8CEC009F7914 = {
						CreatedOnToolsVersion = 11.3.1;
						TestTargetID = 0F2370CC244E8CEA009F7914;
					};
					0F528FFE244F142800A9B9DC = {
						CreatedOnToolsVersion = 11.3.1;
					};
					0F52902C244F3A5800A9B9DC = {
						CreatedOnToolsVersion = 11.3.1;
						TestTargetID = 0F2370CC244E8CEA009F7914;
					};
					0FBD9BC224566C1C00332EEB = {
						CreatedOnToolsVersion = 11.3.1;
					};
				};
			};
			buildConfigurationList = 0F2370C8244E8CEA009F7914 /* Build configuration list for PBXProject "He3" */;
			compatibilityVersion = "Xcode 9.3";
			developmentRegion = en;
			hasScannedForEncodings = 0;
			knownRegions = (
				en,
				Base,
			);
			mainGroup = 0F2370C4244E8CEA009F7914;
			packageReferences = (
				0FBD9BB424546E3900332EEB /* XCRemoteSwiftPackageReference "Down" */,
			);
			productRefGroup = 0F2370CE244E8CEA009F7914 /* Products */;
			projectDirPath = "";
			projectRoot = "";
			targets = (
				0F2370CC244E8CEA009F7914 /* He3 */,
				0F2370E0244E8CEC009F7914 /* He3UITests */,
				0F528FFE244F142800A9B9DC /* He3ShareExtension */,
				0F52902C244F3A5800A9B9DC /* He3Tests */,
				0FBD9BC224566C1C00332EEB /* He3-dmg */,
			);
		};
/* End PBXProject section */

/* Begin PBXResourcesBuildPhase section */
		0F2370CB244E8CEA009F7914 /* Resources */ = {
			isa = PBXResourcesBuildPhase;
			buildActionMask = 2147483647;
			files = (
				0FBD9BB8245473C600332EEB /* itemIcon.icns in Resources */,
				0F2370D7244E8CEC009F7914 /* Assets.xcassets in Resources */,
				0F5290BD2451D3C400A9B9DC /* He3.icns in Resources */,
				0F5290B9244F6C9100A9B9DC /* dsa_pub.pem in Resources */,
				0F237113244E9AA1009F7914 /* Help in Resources */,
				0FBD9BBC2454767300332EEB /* icntIcon.icns in Resources */,
				0FBD9BBA2454746200332EEB /* listIcon.icns in Resources */,
				0F2370DA244E8CEC009F7914 /* Main.storyboard in Resources */,
				0FBD9BAF2454603200332EEB /* he3_logo.icns in Resources */,
			);
			runOnlyForDeploymentPostprocessing = 0;
		};
		0F2370DF244E8CEC009F7914 /* Resources */ = {
			isa = PBXResourcesBuildPhase;
			buildActionMask = 2147483647;
			files = (
			);
			runOnlyForDeploymentPostprocessing = 0;
		};
		0F528FFD244F142800A9B9DC /* Resources */ = {
			isa = PBXResourcesBuildPhase;
			buildActionMask = 2147483647;
			files = (
				0F5290A3244F665D00A9B9DC /* ShareViewController.xib in Resources */,
			);
			runOnlyForDeploymentPostprocessing = 0;
		};
		0F52902B244F3A5800A9B9DC /* Resources */ = {
			isa = PBXResourcesBuildPhase;
			buildActionMask = 2147483647;
			files = (
			);
			runOnlyForDeploymentPostprocessing = 0;
		};
/* End PBXResourcesBuildPhase section */

/* Begin PBXShellScriptBuildPhase section */
		0FBD9BCA24566C3B00332EEB /* Build DMG */ = {
			isa = PBXShellScriptBuildPhase;
			buildActionMask = 2147483647;
			files = (
			);
			inputFileListPaths = (
			);
			inputPaths = (
			);
			name = "Build DMG";
			outputFileListPaths = (
			);
			outputPaths = (
			);
			runOnlyForDeploymentPostprocessing = 0;
			shellPath = /bin/sh;
			shellScript = "# Type a script or drag a script file from your workspace to insert its path.\n\n$(PROJECT_DIR)/He3-dmg/build-dmg.sh\n";
		};
		0FBD9BCF2457077900332EEB /* ShellScript */ = {
			isa = PBXShellScriptBuildPhase;
			buildActionMask = 2147483647;
			files = (
			);
			inputFileListPaths = (
			);
			inputPaths = (
			);
			outputFileListPaths = (
			);
			outputPaths = (
			);
			runOnlyForDeploymentPostprocessing = 0;
			shellPath = /bin/sh;
			shellScript = "# Type a script or drag a script file from your workspace to insert its path.\n\nset -x\nbuildPlist=\"He3/Info.plist\"\nsharePlist=\"He3ShareExtension/Info.plist\"\n\nbuildMajor=$(/usr/libexec/PlistBuddy -c \"Print CFBuildMajor\" $sharePlist)\nbuildMinor=$(/usr/libexec/PlistBuddy -c \"Print CFBuildMinor\" $sharePlist)\nbuildPatch=$(/usr/libexec/PlistBuddy -c \"Print CFBuildPatch\" $sharePlist)\nbuildNumber=$(/usr/libexec/PlistBuddy -c \"Print CFBuildNumber\" $sharePlist)\nbuildDate=$(date \"+%Y%m%d.%H%M%S\")\n\n# Increment the buildNumber if asked\nbuildIncr=$(/usr/libexec/PlistBuddy -c \"Print CFBuildIncrement\" $buildPlist)\nif [ \"$buildIncr\" = \"true\" ];\nthen\n    buildNumber=$(($buildNumber + 1))\nfi\n\n# Formulate the bundle versions\nbundleVersion=$buildMajor.$buildMinor.$buildNumber\nbundleShortVersion=$buildMajor.$buildMinor.$buildPatch\n\n# Set the version numbers in the buildPlist\n/usr/libexec/PlistBuddy -c \"Set :CFBuildNumber $buildNumber\" $buildPlist\n/usr/libexec/PlistBuddy -c \"Set :CFBuildDate $buildDate\" $buildPlist\n/usr/libexec/PlistBuddy -c \"Set :CFBundleVersion $bundleVersion\" $buildPlist\n/usr/libexec/PlistBuddy -c \"Set :CFBundleShortVersionString $bundleShortVersion\" $buildPlist\n\n# Propagate to share\n/usr/libexec/PlistBuddy -c \"Set :CFBuildNumber $buildNumber\" $sharePlist\n/usr/libexec/PlistBuddy -c \"Set :CFBuildDate $buildDate\" $sharePlist\n/usr/libexec/PlistBuddy -c \"Set :CFBundleVersion $bundleVersion\" $sharePlist\n/usr/libexec/PlistBuddy -c \"Set :CFBundleShortVersionString $bundleShortVersion\" $sharePlist\n";
		};
/* End PBXShellScriptBuildPhase section */

/* Begin PBXSourcesBuildPhase section */
		0F2370C9244E8CEA009F7914 /* Sources */ = {
			isa = PBXSourcesBuildPhase;
			buildActionMask = 2147483647;
			files = (
				0F2370FF244E9601009F7914 /* PlaylistViewController.swift in Sources */,
				0F5290B2244F6C0D00A9B9DC /* UserSettings.swift in Sources */,
				0F5290B4244F6C0D00A9B9DC /* PanelButtonBar.swift in Sources */,
				0F5290B3244F6C0D00A9B9DC /* StringHelpers.swift in Sources */,
				0F5290AF244F6C0D00A9B9DC /* WindowButtonBar.swift in Sources */,
				0F5290B5244F6C0D00A9B9DC /* LoginItemAutoStart.swift in Sources */,
				0F2370F5244E904E009F7914 /* About.swift in Sources */,
				0F2370F9244E95DC009F7914 /* Panel.swift in Sources */,
				0F5290B1244F6C0D00A9B9DC /* ValueTransformers.swift in Sources */,
				0F2370FD244E95ED009F7914 /* PanelController.swift in Sources */,
				0F2370D3244E8CEA009F7914 /* WebViewController.swift in Sources */,
				0F2370D1244E8CEA009F7914 /* AppDelegate.swift in Sources */,
				0F5290B0244F6C0D00A9B9DC /* UrlHelpers.swift in Sources */,
				0F2370FB244E95E3009F7914 /* PlaylistPanelController.swift in Sources */,
				0F2370D5244E8CEA009F7914 /* Document.swift in Sources */,
			);
			runOnlyForDeploymentPostprocessing = 0;
		};
		0F2370DD244E8CEC009F7914 /* Sources */ = {
			isa = PBXSourcesBuildPhase;
			buildActionMask = 2147483647;
			files = (
				0F2370E6244E8CEC009F7914 /* He3UITests.swift in Sources */,
			);
			runOnlyForDeploymentPostprocessing = 0;
		};
		0F528FFB244F142800A9B9DC /* Sources */ = {
			isa = PBXSourcesBuildPhase;
			buildActionMask = 2147483647;
			files = (
				0F5290A2244F665900A9B9DC /* ShareViewController.swift in Sources */,
			);
			runOnlyForDeploymentPostprocessing = 0;
		};
		0F529029244F3A5800A9B9DC /* Sources */ = {
			isa = PBXSourcesBuildPhase;
			buildActionMask = 2147483647;
			files = (
				0F529030244F3A5800A9B9DC /* He3Tests.swift in Sources */,
			);
			runOnlyForDeploymentPostprocessing = 0;
		};
		0FBD9BBF24566C1C00332EEB /* Sources */ = {
			isa = PBXSourcesBuildPhase;
			buildActionMask = 2147483647;
			files = (
			);
			runOnlyForDeploymentPostprocessing = 0;
		};
/* End PBXSourcesBuildPhase section */

/* Begin PBXTargetDependency section */
		0F2370E3244E8CEC009F7914 /* PBXTargetDependency */ = {
			isa = PBXTargetDependency;
			target = 0F2370CC244E8CEA009F7914 /* He3 */;
			targetProxy = 0F2370E2244E8CEC009F7914 /* PBXContainerItemProxy */;
		};
		0F52900D244F142800A9B9DC /* PBXTargetDependency */ = {
			isa = PBXTargetDependency;
			target = 0F528FFE244F142800A9B9DC /* He3ShareExtension */;
			targetProxy = 0F52900C244F142800A9B9DC /* PBXContainerItemProxy */;
		};
		0F529033244F3A5800A9B9DC /* PBXTargetDependency */ = {
			isa = PBXTargetDependency;
			target = 0F2370CC244E8CEA009F7914 /* He3 */;
			targetProxy = 0F529032244F3A5800A9B9DC /* PBXContainerItemProxy */;
		};
		0FBD9BCC24566C5500332EEB /* PBXTargetDependency */ = {
			isa = PBXTargetDependency;
			target = 0F2370CC244E8CEA009F7914 /* He3 */;
			targetProxy = 0FBD9BCB24566C5500332EEB /* PBXContainerItemProxy */;
		};
/* End PBXTargetDependency section */

/* Begin PBXVariantGroup section */
		0F2370D8244E8CEC009F7914 /* Main.storyboard */ = {
			isa = PBXVariantGroup;
			children = (
				0F2370D9244E8CEC009F7914 /* Base */,
			);
			name = Main.storyboard;
			sourceTree = "<group>";
		};
		0F52901D244F14A400A9B9DC /* ShareViewController.xib */ = {
			isa = PBXVariantGroup;
			children = (
				0F52901E244F14A400A9B9DC /* Base */,
			);
			name = ShareViewController.xib;
			sourceTree = "<group>";
		};
/* End PBXVariantGroup section */

/* Begin XCBuildConfiguration section */
		0F2370E8244E8CEC009F7914 /* Debug */ = {
			isa = XCBuildConfiguration;
			buildSettings = {
				ALWAYS_SEARCH_USER_PATHS = NO;
				CLANG_ANALYZER_NONNULL = YES;
				CLANG_ANALYZER_NUMBER_OBJECT_CONVERSION = YES_AGGRESSIVE;
				CLANG_CXX_LANGUAGE_STANDARD = "gnu++14";
				CLANG_CXX_LIBRARY = "libc++";
				CLANG_ENABLE_MODULES = YES;
				CLANG_ENABLE_OBJC_ARC = YES;
				CLANG_ENABLE_OBJC_WEAK = YES;
				CLANG_WARN_BLOCK_CAPTURE_AUTORELEASING = YES;
				CLANG_WARN_BOOL_CONVERSION = YES;
				CLANG_WARN_COMMA = YES;
				CLANG_WARN_CONSTANT_CONVERSION = YES;
				CLANG_WARN_DEPRECATED_OBJC_IMPLEMENTATIONS = YES;
				CLANG_WARN_DIRECT_OBJC_ISA_USAGE = YES_ERROR;
				CLANG_WARN_DOCUMENTATION_COMMENTS = YES;
				CLANG_WARN_EMPTY_BODY = YES;
				CLANG_WARN_ENUM_CONVERSION = YES;
				CLANG_WARN_INFINITE_RECURSION = YES;
				CLANG_WARN_INT_CONVERSION = YES;
				CLANG_WARN_NON_LITERAL_NULL_CONVERSION = YES;
				CLANG_WARN_OBJC_IMPLICIT_RETAIN_SELF = YES;
				CLANG_WARN_OBJC_LITERAL_CONVERSION = YES;
				CLANG_WARN_OBJC_ROOT_CLASS = YES_ERROR;
				CLANG_WARN_RANGE_LOOP_ANALYSIS = YES;
				CLANG_WARN_STRICT_PROTOTYPES = YES;
				CLANG_WARN_SUSPICIOUS_MOVE = YES;
				CLANG_WARN_UNGUARDED_AVAILABILITY = YES_AGGRESSIVE;
				CLANG_WARN_UNREACHABLE_CODE = YES;
				CLANG_WARN__DUPLICATE_METHOD_MATCH = YES;
				COPY_PHASE_STRIP = NO;
				DEBUG_INFORMATION_FORMAT = dwarf;
				ENABLE_STRICT_OBJC_MSGSEND = YES;
				ENABLE_TESTABILITY = YES;
				GCC_C_LANGUAGE_STANDARD = gnu11;
				GCC_DYNAMIC_NO_PIC = NO;
				GCC_NO_COMMON_BLOCKS = YES;
				GCC_OPTIMIZATION_LEVEL = 0;
				GCC_PREPROCESSOR_DEFINITIONS = (
					"DEBUG=1",
					"$(inherited)",
				);
				GCC_WARN_64_TO_32_BIT_CONVERSION = YES;
				GCC_WARN_ABOUT_RETURN_TYPE = YES_ERROR;
				GCC_WARN_UNDECLARED_SELECTOR = YES;
				GCC_WARN_UNINITIALIZED_AUTOS = YES_AGGRESSIVE;
				GCC_WARN_UNUSED_FUNCTION = YES;
				GCC_WARN_UNUSED_VARIABLE = YES;
				MACOSX_DEPLOYMENT_TARGET = 10.14;
				MTL_ENABLE_DEBUG_INFO = INCLUDE_SOURCE;
				MTL_FAST_MATH = YES;
				ONLY_ACTIVE_ARCH = YES;
				SDKROOT = macosx;
				SWIFT_ACTIVE_COMPILATION_CONDITIONS = DEBUG;
				SWIFT_OPTIMIZATION_LEVEL = "-Onone";
			};
			name = Debug;
		};
		0F2370E9244E8CEC009F7914 /* Release */ = {
			isa = XCBuildConfiguration;
			buildSettings = {
				ALWAYS_SEARCH_USER_PATHS = NO;
				CLANG_ANALYZER_NONNULL = YES;
				CLANG_ANALYZER_NUMBER_OBJECT_CONVERSION = YES_AGGRESSIVE;
				CLANG_CXX_LANGUAGE_STANDARD = "gnu++14";
				CLANG_CXX_LIBRARY = "libc++";
				CLANG_ENABLE_MODULES = YES;
				CLANG_ENABLE_OBJC_ARC = YES;
				CLANG_ENABLE_OBJC_WEAK = YES;
				CLANG_WARN_BLOCK_CAPTURE_AUTORELEASING = YES;
				CLANG_WARN_BOOL_CONVERSION = YES;
				CLANG_WARN_COMMA = YES;
				CLANG_WARN_CONSTANT_CONVERSION = YES;
				CLANG_WARN_DEPRECATED_OBJC_IMPLEMENTATIONS = YES;
				CLANG_WARN_DIRECT_OBJC_ISA_USAGE = YES_ERROR;
				CLANG_WARN_DOCUMENTATION_COMMENTS = YES;
				CLANG_WARN_EMPTY_BODY = YES;
				CLANG_WARN_ENUM_CONVERSION = YES;
				CLANG_WARN_INFINITE_RECURSION = YES;
				CLANG_WARN_INT_CONVERSION = YES;
				CLANG_WARN_NON_LITERAL_NULL_CONVERSION = YES;
				CLANG_WARN_OBJC_IMPLICIT_RETAIN_SELF = YES;
				CLANG_WARN_OBJC_LITERAL_CONVERSION = YES;
				CLANG_WARN_OBJC_ROOT_CLASS = YES_ERROR;
				CLANG_WARN_RANGE_LOOP_ANALYSIS = YES;
				CLANG_WARN_STRICT_PROTOTYPES = YES;
				CLANG_WARN_SUSPICIOUS_MOVE = YES;
				CLANG_WARN_UNGUARDED_AVAILABILITY = YES_AGGRESSIVE;
				CLANG_WARN_UNREACHABLE_CODE = YES;
				CLANG_WARN__DUPLICATE_METHOD_MATCH = YES;
				COPY_PHASE_STRIP = NO;
				DEBUG_INFORMATION_FORMAT = "dwarf-with-dsym";
				ENABLE_NS_ASSERTIONS = NO;
				ENABLE_STRICT_OBJC_MSGSEND = YES;
				GCC_C_LANGUAGE_STANDARD = gnu11;
				GCC_NO_COMMON_BLOCKS = YES;
				GCC_WARN_64_TO_32_BIT_CONVERSION = YES;
				GCC_WARN_ABOUT_RETURN_TYPE = YES_ERROR;
				GCC_WARN_UNDECLARED_SELECTOR = YES;
				GCC_WARN_UNINITIALIZED_AUTOS = YES_AGGRESSIVE;
				GCC_WARN_UNUSED_FUNCTION = YES;
				GCC_WARN_UNUSED_VARIABLE = YES;
				MACOSX_DEPLOYMENT_TARGET = 10.14;
				MTL_ENABLE_DEBUG_INFO = NO;
				MTL_FAST_MATH = YES;
				SDKROOT = macosx;
				SWIFT_COMPILATION_MODE = wholemodule;
				SWIFT_OPTIMIZATION_LEVEL = "-O";
			};
			name = Release;
		};
		0F2370EB244E8CEC009F7914 /* Debug */ = {
			isa = XCBuildConfiguration;
			buildSettings = {
				ALWAYS_EMBED_SWIFT_STANDARD_LIBRARIES = YES;
				ASSETCATALOG_COMPILER_APPICON_NAME = He3;
				CODE_SIGN_ENTITLEMENTS = He3/He3.entitlements;
				CODE_SIGN_STYLE = Automatic;
				COMBINE_HIDPI_IMAGES = YES;
				DEVELOPMENT_TEAM = VQYGYPHYGE;
				ENABLE_HARDENED_RUNTIME = YES;
				FRAMEWORK_SEARCH_PATHS = (
					"$(inherited)",
					"$(PROJECT_DIR)/He3/Support",
				);
				INFOPLIST_FILE = He3/Info.plist;
				LD_RUNPATH_SEARCH_PATHS = (
					"$(inherited)",
					"@executable_path/../Frameworks",
				);
				PRODUCT_BUNDLE_IDENTIFIER = com.slashlos.he3;
				PRODUCT_NAME = "$(TARGET_NAME)";
				SWIFT_VERSION = 5.0;
			};
			name = Debug;
		};
		0F2370EC244E8CEC009F7914 /* Release */ = {
			isa = XCBuildConfiguration;
			buildSettings = {
				ALWAYS_EMBED_SWIFT_STANDARD_LIBRARIES = YES;
				ASSETCATALOG_COMPILER_APPICON_NAME = He3;
				CODE_SIGN_ENTITLEMENTS = He3/He3.entitlements;
				CODE_SIGN_STYLE = Automatic;
				COMBINE_HIDPI_IMAGES = YES;
				DEVELOPMENT_TEAM = VQYGYPHYGE;
				ENABLE_HARDENED_RUNTIME = YES;
				FRAMEWORK_SEARCH_PATHS = (
					"$(inherited)",
					"$(PROJECT_DIR)/He3/Support",
				);
				INFOPLIST_FILE = He3/Info.plist;
				LD_RUNPATH_SEARCH_PATHS = (
					"$(inherited)",
					"@executable_path/../Frameworks",
				);
				PRODUCT_BUNDLE_IDENTIFIER = com.slashlos.he3;
				PRODUCT_NAME = "$(TARGET_NAME)";
				SWIFT_VERSION = 5.0;
			};
			name = Release;
		};
		0F2370EE244E8CEC009F7914 /* Debug */ = {
			isa = XCBuildConfiguration;
			buildSettings = {
				ALWAYS_EMBED_SWIFT_STANDARD_LIBRARIES = YES;
				CODE_SIGN_STYLE = Automatic;
				COMBINE_HIDPI_IMAGES = YES;
				DEVELOPMENT_TEAM = VQYGYPHYGE;
				INFOPLIST_FILE = He3UITests/Info.plist;
				LD_RUNPATH_SEARCH_PATHS = (
					"$(inherited)",
					"@executable_path/../Frameworks",
					"@loader_path/../Frameworks",
				);
				PRODUCT_BUNDLE_IDENTIFIER = com.slashlos.he3UITests;
				PRODUCT_NAME = "$(TARGET_NAME)";
				SWIFT_VERSION = 5.0;
				TEST_TARGET_NAME = He3;
			};
			name = Debug;
		};
		0F2370EF244E8CEC009F7914 /* Release */ = {
			isa = XCBuildConfiguration;
			buildSettings = {
				ALWAYS_EMBED_SWIFT_STANDARD_LIBRARIES = YES;
				CODE_SIGN_STYLE = Automatic;
				COMBINE_HIDPI_IMAGES = YES;
				DEVELOPMENT_TEAM = VQYGYPHYGE;
				INFOPLIST_FILE = He3UITests/Info.plist;
				LD_RUNPATH_SEARCH_PATHS = (
					"$(inherited)",
					"@executable_path/../Frameworks",
					"@loader_path/../Frameworks",
				);
				PRODUCT_BUNDLE_IDENTIFIER = com.slashlos.he3UITests;
				PRODUCT_NAME = "$(TARGET_NAME)";
				SWIFT_VERSION = 5.0;
				TEST_TARGET_NAME = He3;
			};
			name = Release;
		};
		0F529010244F142800A9B9DC /* Debug */ = {
			isa = XCBuildConfiguration;
			buildSettings = {
				CODE_SIGN_ENTITLEMENTS = He3ShareExtension/He3ShareExtension.entitlements;
				CODE_SIGN_IDENTITY = "Apple Development";
				CODE_SIGN_STYLE = Automatic;
				COMBINE_HIDPI_IMAGES = YES;
				DEVELOPMENT_TEAM = VQYGYPHYGE;
				ENABLE_HARDENED_RUNTIME = YES;
				INFOPLIST_FILE = He3ShareExtension/Info.plist;
				LD_RUNPATH_SEARCH_PATHS = (
					"$(inherited)",
					"@executable_path/../Frameworks",
					"@executable_path/../../../../Frameworks",
				);
				PRODUCT_BUNDLE_IDENTIFIER = com.slashlos.he3.He3ShareExtension;
				PRODUCT_NAME = "$(TARGET_NAME)";
				PROVISIONING_PROFILE_SPECIFIER = "";
				SKIP_INSTALL = YES;
				SWIFT_VERSION = 5.0;
			};
			name = Debug;
		};
		0F529011244F142800A9B9DC /* Release */ = {
			isa = XCBuildConfiguration;
			buildSettings = {
				CODE_SIGN_ENTITLEMENTS = He3ShareExtension/He3ShareExtension.entitlements;
				CODE_SIGN_IDENTITY = "Apple Development";
				CODE_SIGN_STYLE = Automatic;
				COMBINE_HIDPI_IMAGES = YES;
				DEVELOPMENT_TEAM = VQYGYPHYGE;
				ENABLE_HARDENED_RUNTIME = YES;
				INFOPLIST_FILE = He3ShareExtension/Info.plist;
				LD_RUNPATH_SEARCH_PATHS = (
					"$(inherited)",
					"@executable_path/../Frameworks",
					"@executable_path/../../../../Frameworks",
				);
				PRODUCT_BUNDLE_IDENTIFIER = com.slashlos.he3.He3ShareExtension;
				PRODUCT_NAME = "$(TARGET_NAME)";
				PROVISIONING_PROFILE_SPECIFIER = "";
				SKIP_INSTALL = YES;
				SWIFT_VERSION = 5.0;
			};
			name = Release;
		};
		0F529035244F3A5800A9B9DC /* Debug */ = {
			isa = XCBuildConfiguration;
			buildSettings = {
				BUNDLE_LOADER = "$(TEST_HOST)";
				CODE_SIGN_STYLE = Automatic;
				COMBINE_HIDPI_IMAGES = YES;
				DEVELOPMENT_TEAM = VQYGYPHYGE;
				INFOPLIST_FILE = He3Tests/Info.plist;
				LD_RUNPATH_SEARCH_PATHS = (
					"$(inherited)",
					"@executable_path/../Frameworks",
					"@loader_path/../Frameworks",
				);
				PRODUCT_BUNDLE_IDENTIFIER = com.slashlos.he3Tests;
				PRODUCT_NAME = "$(TARGET_NAME)";
				SWIFT_VERSION = 5.0;
				TEST_HOST = "$(BUILT_PRODUCTS_DIR)/He3.app/Contents/MacOS/He3";
			};
			name = Debug;
		};
		0F529036244F3A5800A9B9DC /* Release */ = {
			isa = XCBuildConfiguration;
			buildSettings = {
				BUNDLE_LOADER = "$(TEST_HOST)";
				CODE_SIGN_STYLE = Automatic;
				COMBINE_HIDPI_IMAGES = YES;
				DEVELOPMENT_TEAM = VQYGYPHYGE;
				INFOPLIST_FILE = He3Tests/Info.plist;
				LD_RUNPATH_SEARCH_PATHS = (
					"$(inherited)",
					"@executable_path/../Frameworks",
					"@loader_path/../Frameworks",
				);
				PRODUCT_BUNDLE_IDENTIFIER = com.slashlos.he3Tests;
				PRODUCT_NAME = "$(TARGET_NAME)";
				SWIFT_VERSION = 5.0;
				TEST_HOST = "$(BUILT_PRODUCTS_DIR)/He3.app/Contents/MacOS/He3";
			};
			name = Release;
		};
		0FBD9BC824566C1C00332EEB /* Debug */ = {
			isa = XCBuildConfiguration;
			buildSettings = {
				CODE_SIGN_STYLE = Automatic;
				DEVELOPMENT_TEAM = VQYGYPHYGE;
				ENABLE_HARDENED_RUNTIME = YES;
				PRODUCT_NAME = "$(TARGET_NAME)";
				SWIFT_VERSION = 5.0;
			};
			name = Debug;
		};
		0FBD9BC924566C1C00332EEB /* Release */ = {
			isa = XCBuildConfiguration;
			buildSettings = {
				CODE_SIGN_STYLE = Automatic;
				DEVELOPMENT_TEAM = VQYGYPHYGE;
				ENABLE_HARDENED_RUNTIME = YES;
				PRODUCT_NAME = "$(TARGET_NAME)";
				SWIFT_VERSION = 5.0;
			};
			name = Release;
		};
/* End XCBuildConfiguration section */

/* Begin XCConfigurationList section */
		0F2370C8244E8CEA009F7914 /* Build configuration list for PBXProject "He3" */ = {
			isa = XCConfigurationList;
			buildConfigurations = (
				0F2370E8244E8CEC009F7914 /* Debug */,
				0F2370E9244E8CEC009F7914 /* Release */,
			);
			defaultConfigurationIsVisible = 0;
			defaultConfigurationName = Release;
		};
		0F2370EA244E8CEC009F7914 /* Build configuration list for PBXNativeTarget "He3" */ = {
			isa = XCConfigurationList;
			buildConfigurations = (
				0F2370EB244E8CEC009F7914 /* Debug */,
				0F2370EC244E8CEC009F7914 /* Release */,
			);
			defaultConfigurationIsVisible = 0;
			defaultConfigurationName = Release;
		};
		0F2370ED244E8CEC009F7914 /* Build configuration list for PBXNativeTarget "He3UITests" */ = {
			isa = XCConfigurationList;
			buildConfigurations = (
				0F2370EE244E8CEC009F7914 /* Debug */,
				0F2370EF244E8CEC009F7914 /* Release */,
			);
			defaultConfigurationIsVisible = 0;
			defaultConfigurationName = Release;
		};
		0F52900F244F142800A9B9DC /* Build configuration list for PBXNativeTarget "He3ShareExtension" */ = {
			isa = XCConfigurationList;
			buildConfigurations = (
				0F529010244F142800A9B9DC /* Debug */,
				0F529011244F142800A9B9DC /* Release */,
			);
			defaultConfigurationIsVisible = 0;
			defaultConfigurationName = Release;
		};
		0F529034244F3A5800A9B9DC /* Build configuration list for PBXNativeTarget "He3Tests" */ = {
			isa = XCConfigurationList;
			buildConfigurations = (
				0F529035244F3A5800A9B9DC /* Debug */,
				0F529036244F3A5800A9B9DC /* Release */,
			);
			defaultConfigurationIsVisible = 0;
			defaultConfigurationName = Release;
		};
		0FBD9BC724566C1C00332EEB /* Build configuration list for PBXNativeTarget "He3-dmg" */ = {
			isa = XCConfigurationList;
			buildConfigurations = (
				0FBD9BC824566C1C00332EEB /* Debug */,
				0FBD9BC924566C1C00332EEB /* Release */,
			);
			defaultConfigurationIsVisible = 0;
			defaultConfigurationName = Release;
		};
/* End XCConfigurationList section */

/* Begin XCRemoteSwiftPackageReference section */
		0FBD9BB424546E3900332EEB /* XCRemoteSwiftPackageReference "Down" */ = {
			isa = XCRemoteSwiftPackageReference;
			repositoryURL = "https://github.com/iwasrobbed/Down.git";
			requirement = {
				kind = upToNextMajorVersion;
				minimumVersion = 0.9.2;
			};
		};
/* End XCRemoteSwiftPackageReference section */

/* Begin XCSwiftPackageProductDependency section */
		0FBD9BB524546E3900332EEB /* Down */ = {
			isa = XCSwiftPackageProductDependency;
			package = 0FBD9BB424546E3900332EEB /* XCRemoteSwiftPackageReference "Down" */;
			productName = Down;
		};
/* End XCSwiftPackageProductDependency section */
	};
	rootObject = 0F2370C5244E8CEA009F7914 /* Project object */;
}
