// !$*UTF8*$!
{
	archiveVersion = 1;
	classes = {
	};
	objectVersion = 52;
	objects = {

/* Begin PBXBuildFile section */
		0F0EEE3F247D3283008F1988 /* LoadThumbnailOperation.swift in Sources */ = {isa = PBXBuildFile; fileRef = 0F0EEE3E247D3283008F1988 /* LoadThumbnailOperation.swift */; };
		0F2370D1244E8CEA009F7914 /* AppDelegate.swift in Sources */ = {isa = PBXBuildFile; fileRef = 0F2370D0244E8CEA009F7914 /* AppDelegate.swift */; };
		0F2370D3244E8CEA009F7914 /* WebViewController.swift in Sources */ = {isa = PBXBuildFile; fileRef = 0F2370D2244E8CEA009F7914 /* WebViewController.swift */; };
		0F2370D5244E8CEA009F7914 /* Document.swift in Sources */ = {isa = PBXBuildFile; fileRef = 0F2370D4244E8CEA009F7914 /* Document.swift */; };
		0F2370D7244E8CEC009F7914 /* Assets.xcassets in Resources */ = {isa = PBXBuildFile; fileRef = 0F2370D6244E8CEC009F7914 /* Assets.xcassets */; };
		0F2370DA244E8CEC009F7914 /* Main.storyboard in Resources */ = {isa = PBXBuildFile; fileRef = 0F2370D8244E8CEC009F7914 /* Main.storyboard */; };
		0F2370E6244E8CEC009F7914 /* He3UITests.swift in Sources */ = {isa = PBXBuildFile; fileRef = 0F2370E5244E8CEC009F7914 /* He3UITests.swift */; };
		0F2370F5244E904E009F7914 /* About.swift in Sources */ = {isa = PBXBuildFile; fileRef = 0F2370F4244E904E009F7914 /* About.swift */; };
		0F2370F9244E95DC009F7914 /* Panel.swift in Sources */ = {isa = PBXBuildFile; fileRef = 0F2370F8244E95DC009F7914 /* Panel.swift */; };
		0F2370FB244E95E3009F7914 /* PlaylistPanelController.swift in Sources */ = {isa = PBXBuildFile; fileRef = 0F2370FA244E95E3009F7914 /* PlaylistPanelController.swift */; };
		0F2370FD244E95ED009F7914 /* PanelController.swift in Sources */ = {isa = PBXBuildFile; fileRef = 0F2370FC244E95ED009F7914 /* PanelController.swift */; };
		0F2370FF244E9601009F7914 /* PlaylistViewController.swift in Sources */ = {isa = PBXBuildFile; fileRef = 0F2370FE244E9601009F7914 /* PlaylistViewController.swift */; };
		0F237113244E9AA1009F7914 /* Help in Resources */ = {isa = PBXBuildFile; fileRef = 0F237112244E9AA1009F7914 /* Help */; };
		0F307169246A3D0C00684B84 /* AppDelegate.swift in Sources */ = {isa = PBXBuildFile; fileRef = 0F307168246A3D0C00684B84 /* AppDelegate.swift */; };
		0F30716D246A3D0C00684B84 /* Assets.xcassets in Resources */ = {isa = PBXBuildFile; fileRef = 0F30716C246A3D0C00684B84 /* Assets.xcassets */; };
		0F30717C246A42E200684B84 /* He3 Launcher.app in CopyFiles */ = {isa = PBXBuildFile; fileRef = 0F307166246A3D0B00684B84 /* He3 Launcher.app */; };
		0F3716E62548600700D65218 /* he3_logo.png in Resources */ = {isa = PBXBuildFile; fileRef = 0F3716E52548600700D65218 /* he3_logo.png */; };
		0F37170D2548635200D65218 /* he3_icnt.icns in Resources */ = {isa = PBXBuildFile; fileRef = 0FE20A922545A78300551CF3 /* he3_icnt.icns */; };
		0F3717182549077600D65218 /* Fuzi in Frameworks */ = {isa = PBXBuildFile; productRef = 0F3717172549077600D65218 /* Fuzi */; };
		0F371722254907AA00D65218 /* WebArchiver in Frameworks */ = {isa = PBXBuildFile; productRef = 0F371721254907AA00D65218 /* WebArchiver */; };
		0F3D232E256D3F1E00FF6FC3 /* Down in Frameworks */ = {isa = PBXBuildFile; productRef = 0F3D232D256D3F1E00FF6FC3 /* Down */; };
		0F529002244F142800A9B9DC /* Cocoa.framework in Frameworks */ = {isa = PBXBuildFile; fileRef = 0F529001244F142800A9B9DC /* Cocoa.framework */; };
		0F52900E244F142800A9B9DC /* He3 ShareExtension.appex in Embed App Extensions */ = {isa = PBXBuildFile; fileRef = 0F528FFF244F142800A9B9DC /* He3 ShareExtension.appex */; settings = {ATTRIBUTES = (RemoveHeadersOnCopy, ); }; };
		0F529030244F3A5800A9B9DC /* He3Tests.swift in Sources */ = {isa = PBXBuildFile; fileRef = 0F52902F244F3A5800A9B9DC /* He3Tests.swift */; };
		0F5290A2244F665900A9B9DC /* ShareViewController.swift in Sources */ = {isa = PBXBuildFile; fileRef = 0F52901B244F14A400A9B9DC /* ShareViewController.swift */; };
		0F5290A3244F665D00A9B9DC /* ShareViewController.xib in Resources */ = {isa = PBXBuildFile; fileRef = 0F52901D244F14A400A9B9DC /* ShareViewController.xib */; };
		0F5290B0244F6C0D00A9B9DC /* UrlHelpers.swift in Sources */ = {isa = PBXBuildFile; fileRef = 0F5290A7244F6C0C00A9B9DC /* UrlHelpers.swift */; };
		0F5290B1244F6C0D00A9B9DC /* ValueTransformers.swift in Sources */ = {isa = PBXBuildFile; fileRef = 0F5290A8244F6C0C00A9B9DC /* ValueTransformers.swift */; };
		0F5290B2244F6C0D00A9B9DC /* UserSettings.swift in Sources */ = {isa = PBXBuildFile; fileRef = 0F5290AA244F6C0D00A9B9DC /* UserSettings.swift */; };
		0F5290B3244F6C0D00A9B9DC /* StringHelpers.swift in Sources */ = {isa = PBXBuildFile; fileRef = 0F5290AB244F6C0D00A9B9DC /* StringHelpers.swift */; };
		0F5290BD2451D3C400A9B9DC /* He3.icns in Resources */ = {isa = PBXBuildFile; fileRef = 0F5290BC2451D3C300A9B9DC /* He3.icns */; };
		0F55CD6424A6794E00E49C6A /* icntIcon.png in Resources */ = {isa = PBXBuildFile; fileRef = 0F55CD6324A6794E00E49C6A /* icntIcon.png */; };
		0F55CD6624A6795600E49C6A /* icntIcon.jpg in Resources */ = {isa = PBXBuildFile; fileRef = 0F55CD6524A6795600E49C6A /* icntIcon.jpg */; };
		0F55CD6824A67B3D00E49C6A /* listIcon.jpg in Resources */ = {isa = PBXBuildFile; fileRef = 0F55CD6724A67B3D00E49C6A /* listIcon.jpg */; };
		0F55CD6A24A67B7100E49C6A /* itemIcon.jpg in Resources */ = {isa = PBXBuildFile; fileRef = 0F55CD6924A67B7100E49C6A /* itemIcon.jpg */; };
		0F6FB8D8246C9D9400F5D36B /* LaunchControllers.swift in Sources */ = {isa = PBXBuildFile; fileRef = 0F6FB8D7246C9D9400F5D36B /* LaunchControllers.swift */; };
		0F721888246C54D50070F9E4 /* UserSettings.swift in Sources */ = {isa = PBXBuildFile; fileRef = 0F5290AA244F6C0D00A9B9DC /* UserSettings.swift */; };
		0F8291FF2495172100B5C205 /* QuickLookThumbnailing.framework in Frameworks */ = {isa = PBXBuildFile; fileRef = 0F8291FE2495172100B5C205 /* QuickLookThumbnailing.framework */; };
		0F8292012495172100B5C205 /* Quartz.framework in Frameworks */ = {isa = PBXBuildFile; fileRef = 0F8292002495172100B5C205 /* Quartz.framework */; };
		0F8292042495172100B5C205 /* ThumbnailProvider.swift in Sources */ = {isa = PBXBuildFile; fileRef = 0F8292032495172100B5C205 /* ThumbnailProvider.swift */; };
		0F8292092495172100B5C205 /* He3 QLExtension.appex in Embed App Extensions */ = {isa = PBXBuildFile; fileRef = 0F8291FD2495172000B5C205 /* He3 QLExtension.appex */; settings = {ATTRIBUTES = (RemoveHeadersOnCopy, ); }; };
		0F82920D24952ACF00B5C205 /* Types.swift in Sources */ = {isa = PBXBuildFile; fileRef = 0FD2127E2466D7C800EA5D6D /* Types.swift */; };
		0F82920F249539D900B5C205 /* Settings.swift in Sources */ = {isa = PBXBuildFile; fileRef = 0F82920E249539D900B5C205 /* Settings.swift */; };
		0F9EF954247019E6008DDB93 /* itemIcon.png in Resources */ = {isa = PBXBuildFile; fileRef = 0F9EF953247019E6008DDB93 /* itemIcon.png */; };
		0F9EF9592471FAF9008DDB93 /* Types.swift in Sources */ = {isa = PBXBuildFile; fileRef = 0FD2127E2466D7C800EA5D6D /* Types.swift */; };
		0F9EF95B24776468008DDB93 /* listIcon.png in Resources */ = {isa = PBXBuildFile; fileRef = 0F9EF95A24776468008DDB93 /* listIcon.png */; };
		0FACD4C42467953000A23B1F /* PromiseFileProvider.swift in Sources */ = {isa = PBXBuildFile; fileRef = 0FACD4C32467953000A23B1F /* PromiseFileProvider.swift */; };
		0FB09334259BAAD2007B3DFD /* He3Script.sh in Resources */ = {isa = PBXBuildFile; fileRef = 0FB09333259BAAD2007B3DFD /* He3Script.sh */; };
		0FB09385259BE564007B3DFD /* ShareViewController.swift in Sources */ = {isa = PBXBuildFile; fileRef = 0FB09384259BE564007B3DFD /* ShareViewController.swift */; };
		0FB09388259BE564007B3DFD /* ShareViewController.xib in Resources */ = {isa = PBXBuildFile; fileRef = 0FB09386259BE564007B3DFD /* ShareViewController.xib */; };
		0FB0938D259BE564007B3DFD /* He3ShareExtension.appex in Embed App Extensions */ = {isa = PBXBuildFile; fileRef = 0FB09380259BE564007B3DFD /* He3ShareExtension.appex */; settings = {ATTRIBUTES = (RemoveHeadersOnCopy, ); }; };
		0FB093A6259D5C35007B3DFD /* Cocoa.framework in Frameworks */ = {isa = PBXBuildFile; fileRef = 0F529001244F142800A9B9DC /* Cocoa.framework */; };
		0FB276F624B1EDD800695BB1 /* PrefsViewController.swift in Sources */ = {isa = PBXBuildFile; fileRef = 0FB276F524B1EDD800695BB1 /* PrefsViewController.swift */; };
		0FB6B15D25560A5700363178 /* Localizable.strings in Resources */ = {isa = PBXBuildFile; fileRef = 0FB6B16025560A5700363178 /* Localizable.strings */; };
		0FB6B15E25560A5700363178 /* Localizable.strings in Resources */ = {isa = PBXBuildFile; fileRef = 0FB6B16025560A5700363178 /* Localizable.strings */; };
		0FB6B1822559C3DB00363178 /* BartyCrouch.swift in Sources */ = {isa = PBXBuildFile; fileRef = 0FB6B1812559C3DB00363178 /* BartyCrouch.swift */; };
		0FB6B1832559C3DB00363178 /* BartyCrouch.swift in Sources */ = {isa = PBXBuildFile; fileRef = 0FB6B1812559C3DB00363178 /* BartyCrouch.swift */; };
		0FBD9BAF2454603200332EEB /* he3_logo.icns in Resources */ = {isa = PBXBuildFile; fileRef = 0FBD9BAE2454603200332EEB /* he3_logo.icns */; };
		0FBD9BB8245473C600332EEB /* itemIcon.icns in Resources */ = {isa = PBXBuildFile; fileRef = 0FBD9BB7245473C500332EEB /* itemIcon.icns */; };
		0FBD9BBA2454746200332EEB /* listIcon.icns in Resources */ = {isa = PBXBuildFile; fileRef = 0FBD9BB92454746200332EEB /* listIcon.icns */; };
		0FBD9BBC2454767300332EEB /* icntIcon.icns in Resources */ = {isa = PBXBuildFile; fileRef = 0FBD9BBB2454767300332EEB /* icntIcon.icns */; };
		0FBEC864254F38C200E6DC35 /* SaveAsViewController.swift in Sources */ = {isa = PBXBuildFile; fileRef = 0FBEC863254F38C200E6DC35 /* SaveAsViewController.swift */; };
		0FC4891C24DDDB220028032C /* icntIcon.jpg in Resources */ = {isa = PBXBuildFile; fileRef = 0F55CD6524A6795600E49C6A /* icntIcon.jpg */; };
		0FC4891D24DDDB290028032C /* icntIcon.png in Resources */ = {isa = PBXBuildFile; fileRef = 0F55CD6324A6794E00E49C6A /* icntIcon.png */; };
		0FC4891E24DDDB2F0028032C /* listIcon.jpg in Resources */ = {isa = PBXBuildFile; fileRef = 0F55CD6724A67B3D00E49C6A /* listIcon.jpg */; };
		0FC4891F24DDDB340028032C /* listIcon.png in Resources */ = {isa = PBXBuildFile; fileRef = 0F9EF95A24776468008DDB93 /* listIcon.png */; };
		0FC4892024DDDB3B0028032C /* itemIcon.png in Resources */ = {isa = PBXBuildFile; fileRef = 0F9EF953247019E6008DDB93 /* itemIcon.png */; };
		0FC4892124DDDB3F0028032C /* itemIcon.jpg in Resources */ = {isa = PBXBuildFile; fileRef = 0F55CD6924A67B7100E49C6A /* itemIcon.jpg */; };
		0FD21271246383E500EA5D6D /* PlaylistViewController+DragAndDrop.swift in Sources */ = {isa = PBXBuildFile; fileRef = 0FD21270246383E500EA5D6D /* PlaylistViewController+DragAndDrop.swift */; };
		0FD21273246386A500EA5D6D /* Extensions.swift in Sources */ = {isa = PBXBuildFile; fileRef = 0FD21272246386A500EA5D6D /* Extensions.swift */; };
		0FD2127524638EB900EA5D6D /* WebViewController+Navigation+UI.swift in Sources */ = {isa = PBXBuildFile; fileRef = 0FD2127424638EB900EA5D6D /* WebViewController+Navigation+UI.swift */; };
		0FD2127724638FFC00EA5D6D /* WebViewController+Session.swift in Sources */ = {isa = PBXBuildFile; fileRef = 0FD2127624638FFC00EA5D6D /* WebViewController+Session.swift */; };
		0FD212792466441F00EA5D6D /* PlayList.swift in Sources */ = {isa = PBXBuildFile; fileRef = 0FD212782466441F00EA5D6D /* PlayList.swift */; };
		0FD2127B2466448500EA5D6D /* PlayItem.swift in Sources */ = {isa = PBXBuildFile; fileRef = 0FD2127A2466448500EA5D6D /* PlayItem.swift */; };
		0FD2127D2466D71200EA5D6D /* DocController.swift in Sources */ = {isa = PBXBuildFile; fileRef = 0FD2127C2466D71200EA5D6D /* DocController.swift */; };
		0FD212812467052900EA5D6D /* PlayTableCellView.swift in Sources */ = {isa = PBXBuildFile; fileRef = 0FD212802467052900EA5D6D /* PlayTableCellView.swift */; };
		0FDBA00D24DD7F7E00F4B58E /* Main.storyboard in Resources */ = {isa = PBXBuildFile; fileRef = 0F30717D246AB8CF00684B84 /* Main.storyboard */; };
		0FE20A942545A78300551CF3 /* he3_icnt.icns in Resources */ = {isa = PBXBuildFile; fileRef = 0FE20A922545A78300551CF3 /* he3_icnt.icns */; };
		0FE20A9D2546462600551CF3 /* WebViewController+DragAndDrop.swift in Sources */ = {isa = PBXBuildFile; fileRef = 0FE20A9C2546462600551CF3 /* WebViewController+DragAndDrop.swift */; };
		0FE20AA7254653CF00551CF3 /* WebView.swift in Sources */ = {isa = PBXBuildFile; fileRef = 0FE20AA6254653CF00551CF3 /* WebView.swift */; };
		0FE20B062546664600551CF3 /* PlayItem.swift in Sources */ = {isa = PBXBuildFile; fileRef = 0FD2127A2466448500EA5D6D /* PlayItem.swift */; };
		0FE20B0E2546666500551CF3 /* AppDelegate.swift in Sources */ = {isa = PBXBuildFile; fileRef = 0F2370D0244E8CEA009F7914 /* AppDelegate.swift */; };
		0FE20B16254667D300551CF3 /* PlayList.swift in Sources */ = {isa = PBXBuildFile; fileRef = 0FD212782466441F00EA5D6D /* PlayList.swift */; };
/* End PBXBuildFile section */

/* Begin PBXContainerItemProxy section */
		0F2370E2244E8CEC009F7914 /* PBXContainerItemProxy */ = {
			isa = PBXContainerItemProxy;
			containerPortal = 0F2370C5244E8CEA009F7914 /* Project object */;
			proxyType = 1;
			remoteGlobalIDString = 0F2370CC244E8CEA009F7914;
			remoteInfo = He3;
		};
		0F30717A246A429D00684B84 /* PBXContainerItemProxy */ = {
			isa = PBXContainerItemProxy;
			containerPortal = 0F2370C5244E8CEA009F7914 /* Project object */;
			proxyType = 1;
			remoteGlobalIDString = 0F307165246A3D0B00684B84;
			remoteInfo = "He3 Launcher";
		};
		0F529032244F3A5800A9B9DC /* PBXContainerItemProxy */ = {
			isa = PBXContainerItemProxy;
			containerPortal = 0F2370C5244E8CEA009F7914 /* Project object */;
			proxyType = 1;
			remoteGlobalIDString = 0F2370CC244E8CEA009F7914;
			remoteInfo = He3;
		};
		0F8292072495172100B5C205 /* PBXContainerItemProxy */ = {
			isa = PBXContainerItemProxy;
			containerPortal = 0F2370C5244E8CEA009F7914 /* Project object */;
			proxyType = 1;
			remoteGlobalIDString = 0F8291FC2495172000B5C205;
			remoteInfo = "He3-QLExtension";
		};
		0FB0938B259BE564007B3DFD /* PBXContainerItemProxy */ = {
			isa = PBXContainerItemProxy;
			containerPortal = 0F2370C5244E8CEA009F7914 /* Project object */;
			proxyType = 1;
			remoteGlobalIDString = 0FB0937F259BE564007B3DFD;
			remoteInfo = He3ShareExtension;
		};
		0FB09399259BE586007B3DFD /* PBXContainerItemProxy */ = {
			isa = PBXContainerItemProxy;
			containerPortal = 0F2370C5244E8CEA009F7914 /* Project object */;
			proxyType = 1;
			remoteGlobalIDString = 0FB0937F259BE564007B3DFD;
			remoteInfo = He3ShareExtension;
		};
		0FB0939B259BE592007B3DFD /* PBXContainerItemProxy */ = {
			isa = PBXContainerItemProxy;
			containerPortal = 0F2370C5244E8CEA009F7914 /* Project object */;
			proxyType = 1;
			remoteGlobalIDString = 0FB0937F259BE564007B3DFD;
			remoteInfo = He3ShareExtension;
		};
		0FBD9BCB24566C5500332EEB /* PBXContainerItemProxy */ = {
			isa = PBXContainerItemProxy;
			containerPortal = 0F2370C5244E8CEA009F7914 /* Project object */;
			proxyType = 1;
			remoteGlobalIDString = 0F2370CC244E8CEA009F7914;
			remoteInfo = He3;
		};
/* End PBXContainerItemProxy section */

/* Begin PBXCopyFilesBuildPhase section */
		0F529012244F142800A9B9DC /* Embed App Extensions */ = {
			isa = PBXCopyFilesBuildPhase;
			buildActionMask = 2147483647;
			dstPath = "";
			dstSubfolderSpec = 13;
			files = (
				0FB0938D259BE564007B3DFD /* He3ShareExtension.appex in Embed App Extensions */,
				0F8292092495172100B5C205 /* He3 QLExtension.appex in Embed App Extensions */,
				0F52900E244F142800A9B9DC /* He3 ShareExtension.appex in Embed App Extensions */,
			);
			name = "Embed App Extensions";
			runOnlyForDeploymentPostprocessing = 0;
		};
		0F5290BA2450422E00A9B9DC /* CopyFiles */ = {
			isa = PBXCopyFilesBuildPhase;
			buildActionMask = 12;
			dstPath = Contents/Library/LoginItems;
			dstSubfolderSpec = 1;
			files = (
				0F30717C246A42E200684B84 /* He3 Launcher.app in CopyFiles */,
			);
			runOnlyForDeploymentPostprocessing = 0;
		};
		0FBD9BC124566C1C00332EEB /* CopyFiles */ = {
			isa = PBXCopyFilesBuildPhase;
			buildActionMask = 2147483647;
			dstPath = /usr/share/man/man1/;
			dstSubfolderSpec = 0;
			files = (
			);
			runOnlyForDeploymentPostprocessing = 1;
		};
/* End PBXCopyFilesBuildPhase section */

/* Begin PBXFileReference section */
		0F0EEE3E247D3283008F1988 /* LoadThumbnailOperation.swift */ = {isa = PBXFileReference; fileEncoding = 4; lastKnownFileType = sourcecode.swift; path = LoadThumbnailOperation.swift; sourceTree = "<group>"; };
		0F2370CD244E8CEA009F7914 /* He3.app */ = {isa = PBXFileReference; explicitFileType = wrapper.application; includeInIndex = 0; path = He3.app; sourceTree = BUILT_PRODUCTS_DIR; };
		0F2370D0244E8CEA009F7914 /* AppDelegate.swift */ = {isa = PBXFileReference; lastKnownFileType = sourcecode.swift; path = AppDelegate.swift; sourceTree = "<group>"; };
		0F2370D2244E8CEA009F7914 /* WebViewController.swift */ = {isa = PBXFileReference; lastKnownFileType = sourcecode.swift; path = WebViewController.swift; sourceTree = "<group>"; };
		0F2370D4244E8CEA009F7914 /* Document.swift */ = {isa = PBXFileReference; lastKnownFileType = sourcecode.swift; path = Document.swift; sourceTree = "<group>"; };
		0F2370D6244E8CEC009F7914 /* Assets.xcassets */ = {isa = PBXFileReference; lastKnownFileType = folder.assetcatalog; path = Assets.xcassets; sourceTree = "<group>"; };
		0F2370D9244E8CEC009F7914 /* Base */ = {isa = PBXFileReference; lastKnownFileType = file.storyboard; name = Base; path = Base.lproj/Main.storyboard; sourceTree = "<group>"; };
		0F2370DB244E8CEC009F7914 /* Info.plist */ = {isa = PBXFileReference; lastKnownFileType = text.plist.xml; path = Info.plist; sourceTree = "<group>"; };
		0F2370DC244E8CEC009F7914 /* He3.entitlements */ = {isa = PBXFileReference; lastKnownFileType = text.plist.entitlements; path = He3.entitlements; sourceTree = "<group>"; };
		0F2370E1244E8CEC009F7914 /* He3UITests.xctest */ = {isa = PBXFileReference; explicitFileType = wrapper.cfbundle; includeInIndex = 0; path = He3UITests.xctest; sourceTree = BUILT_PRODUCTS_DIR; };
		0F2370E5244E8CEC009F7914 /* He3UITests.swift */ = {isa = PBXFileReference; lastKnownFileType = sourcecode.swift; path = He3UITests.swift; sourceTree = "<group>"; };
		0F2370E7244E8CEC009F7914 /* Info.plist */ = {isa = PBXFileReference; lastKnownFileType = text.plist.xml; path = Info.plist; sourceTree = "<group>"; };
		0F2370F4244E904E009F7914 /* About.swift */ = {isa = PBXFileReference; fileEncoding = 4; lastKnownFileType = sourcecode.swift; path = About.swift; sourceTree = "<group>"; };
		0F2370F8244E95DC009F7914 /* Panel.swift */ = {isa = PBXFileReference; fileEncoding = 4; lastKnownFileType = sourcecode.swift; path = Panel.swift; sourceTree = "<group>"; };
		0F2370FA244E95E3009F7914 /* PlaylistPanelController.swift */ = {isa = PBXFileReference; fileEncoding = 4; lastKnownFileType = sourcecode.swift; path = PlaylistPanelController.swift; sourceTree = "<group>"; };
		0F2370FC244E95ED009F7914 /* PanelController.swift */ = {isa = PBXFileReference; fileEncoding = 4; lastKnownFileType = sourcecode.swift; path = PanelController.swift; sourceTree = "<group>"; };
		0F2370FE244E9601009F7914 /* PlaylistViewController.swift */ = {isa = PBXFileReference; fileEncoding = 4; lastKnownFileType = sourcecode.swift; path = PlaylistViewController.swift; sourceTree = "<group>"; };
		0F237112244E9AA1009F7914 /* Help */ = {isa = PBXFileReference; lastKnownFileType = folder; path = Help; sourceTree = "<group>"; };
		0F2DF8C42458644200707628 /* He3.playground */ = {isa = PBXFileReference; lastKnownFileType = file.playground; path = He3.playground; sourceTree = "<group>"; xcLanguageSpecificationIdentifier = xcode.lang.swift; };
		0F307166246A3D0B00684B84 /* He3 Launcher.app */ = {isa = PBXFileReference; explicitFileType = wrapper.application; includeInIndex = 0; path = "He3 Launcher.app"; sourceTree = BUILT_PRODUCTS_DIR; };
		0F307168246A3D0C00684B84 /* AppDelegate.swift */ = {isa = PBXFileReference; lastKnownFileType = sourcecode.swift; path = AppDelegate.swift; sourceTree = "<group>"; };
		0F30716A246A3D0C00684B84 /* ViewController.swift */ = {isa = PBXFileReference; lastKnownFileType = sourcecode.swift; path = ViewController.swift; sourceTree = "<group>"; };
		0F30716C246A3D0C00684B84 /* Assets.xcassets */ = {isa = PBXFileReference; lastKnownFileType = folder.assetcatalog; path = Assets.xcassets; sourceTree = "<group>"; };
		0F307171246A3D0C00684B84 /* Info.plist */ = {isa = PBXFileReference; lastKnownFileType = text.plist.xml; path = Info.plist; sourceTree = "<group>"; };
		0F307172246A3D0C00684B84 /* He3Launcher.entitlements */ = {isa = PBXFileReference; lastKnownFileType = text.plist.entitlements; path = He3Launcher.entitlements; sourceTree = "<group>"; };
		0F30717D246AB8CF00684B84 /* Main.storyboard */ = {isa = PBXFileReference; lastKnownFileType = file.storyboard; path = Main.storyboard; sourceTree = "<group>"; };
		0F3716E52548600700D65218 /* he3_logo.png */ = {isa = PBXFileReference; lastKnownFileType = image.png; name = he3_logo.png; path = "He3/Assets/he3 logo/he3_logo.png"; sourceTree = "<group>"; };
		0F3716EE254860CF00D65218 /* icntIcon.jpg */ = {isa = PBXFileReference; lastKnownFileType = image.jpeg; name = icntIcon.jpg; path = "He3/Assets/icnt Icon/icntIcon.jpg"; sourceTree = "<group>"; };
		0F3716FD254861FD00D65218 /* he3_icnt.png */ = {isa = PBXFileReference; lastKnownFileType = image.png; name = he3_icnt.png; path = "He3/Assets/icnt Icon/he3_icnt.png"; sourceTree = "<group>"; };
		0F528FFF244F142800A9B9DC /* He3 ShareExtension.appex */ = {isa = PBXFileReference; explicitFileType = "wrapper.app-extension"; includeInIndex = 0; path = "He3 ShareExtension.appex"; sourceTree = BUILT_PRODUCTS_DIR; };
		0F529001244F142800A9B9DC /* Cocoa.framework */ = {isa = PBXFileReference; lastKnownFileType = wrapper.framework; name = Cocoa.framework; path = System/Library/Frameworks/Cocoa.framework; sourceTree = SDKROOT; };
		0F529019244F14A400A9B9DC /* icon.icns */ = {isa = PBXFileReference; lastKnownFileType = image.icns; path = icon.icns; sourceTree = "<group>"; };
		0F52901B244F14A400A9B9DC /* ShareViewController.swift */ = {isa = PBXFileReference; lastKnownFileType = sourcecode.swift; path = ShareViewController.swift; sourceTree = "<group>"; };
		0F52901E244F14A400A9B9DC /* Base */ = {isa = PBXFileReference; lastKnownFileType = file.xib; name = Base; path = Base.lproj/ShareViewController.xib; sourceTree = "<group>"; };
		0F529020244F14A400A9B9DC /* Info.plist */ = {isa = PBXFileReference; lastKnownFileType = text.plist.xml; path = Info.plist; sourceTree = "<group>"; };
		0F529021244F14A400A9B9DC /* He3ShareExtension.entitlements */ = {isa = PBXFileReference; lastKnownFileType = text.plist.entitlements; path = He3ShareExtension.entitlements; sourceTree = "<group>"; };
		0F52902D244F3A5800A9B9DC /* He3Tests.xctest */ = {isa = PBXFileReference; explicitFileType = wrapper.cfbundle; includeInIndex = 0; path = He3Tests.xctest; sourceTree = BUILT_PRODUCTS_DIR; };
		0F52902F244F3A5800A9B9DC /* He3Tests.swift */ = {isa = PBXFileReference; lastKnownFileType = sourcecode.swift; path = He3Tests.swift; sourceTree = "<group>"; };
		0F529031244F3A5800A9B9DC /* Info.plist */ = {isa = PBXFileReference; lastKnownFileType = text.plist.xml; path = Info.plist; sourceTree = "<group>"; };
		0F52909E244F44DA00A9B9DC /* build-dmg.sh */ = {isa = PBXFileReference; fileEncoding = 4; lastKnownFileType = text.script.sh; path = "build-dmg.sh"; sourceTree = "<group>"; };
		0F5290A5244F6C0C00A9B9DC /* WKWebViewPrivate.h */ = {isa = PBXFileReference; fileEncoding = 4; lastKnownFileType = sourcecode.c.h; name = WKWebViewPrivate.h; path = He3/Support/WKWebViewPrivate.h; sourceTree = SOURCE_ROOT; };
		0F5290A6244F6C0C00A9B9DC /* WindowButtonBar.swift */ = {isa = PBXFileReference; fileEncoding = 4; lastKnownFileType = sourcecode.swift; name = WindowButtonBar.swift; path = He3/Support/Deprecated/WindowButtonBar.swift; sourceTree = SOURCE_ROOT; };
		0F5290A7244F6C0C00A9B9DC /* UrlHelpers.swift */ = {isa = PBXFileReference; fileEncoding = 4; lastKnownFileType = sourcecode.swift; name = UrlHelpers.swift; path = He3/Support/UrlHelpers.swift; sourceTree = SOURCE_ROOT; };
		0F5290A8244F6C0C00A9B9DC /* ValueTransformers.swift */ = {isa = PBXFileReference; fileEncoding = 4; lastKnownFileType = sourcecode.swift; name = ValueTransformers.swift; path = He3/Support/ValueTransformers.swift; sourceTree = SOURCE_ROOT; };
		0F5290A9244F6C0C00A9B9DC /* Bridging-Header.h */ = {isa = PBXFileReference; fileEncoding = 4; lastKnownFileType = sourcecode.c.h; name = "Bridging-Header.h"; path = "He3/Support/Bridging-Header.h"; sourceTree = SOURCE_ROOT; };
		0F5290AA244F6C0D00A9B9DC /* UserSettings.swift */ = {isa = PBXFileReference; fileEncoding = 4; lastKnownFileType = sourcecode.swift; name = UserSettings.swift; path = He3/Support/UserSettings.swift; sourceTree = SOURCE_ROOT; };
		0F5290AB244F6C0D00A9B9DC /* StringHelpers.swift */ = {isa = PBXFileReference; fileEncoding = 4; lastKnownFileType = sourcecode.swift; name = StringHelpers.swift; path = He3/Support/StringHelpers.swift; sourceTree = SOURCE_ROOT; };
		0F5290AC244F6C0D00A9B9DC /* PanelButtonBar.swift */ = {isa = PBXFileReference; fileEncoding = 4; lastKnownFileType = sourcecode.swift; name = PanelButtonBar.swift; path = He3/Support/Deprecated/PanelButtonBar.swift; sourceTree = SOURCE_ROOT; };
		0F5290BC2451D3C300A9B9DC /* He3.icns */ = {isa = PBXFileReference; lastKnownFileType = image.icns; name = He3.icns; path = "He3/Assets/App Icon/He3.icns"; sourceTree = "<group>"; };
		0F55CD6324A6794E00E49C6A /* icntIcon.png */ = {isa = PBXFileReference; lastKnownFileType = image.png; name = icntIcon.png; path = "He3/Assets/icnt Icon/icntIcon.png"; sourceTree = "<group>"; };
		0F55CD6524A6795600E49C6A /* icntIcon.jpg */ = {isa = PBXFileReference; lastKnownFileType = image.jpeg; name = icntIcon.jpg; path = "He3/Assets/icnt Icon/icntIcon.jpg"; sourceTree = "<group>"; };
		0F55CD6724A67B3D00E49C6A /* listIcon.jpg */ = {isa = PBXFileReference; lastKnownFileType = image.jpeg; name = listIcon.jpg; path = "He3/Assets/list Icon/listIcon.jpg"; sourceTree = "<group>"; };
		0F55CD6924A67B7100E49C6A /* itemIcon.jpg */ = {isa = PBXFileReference; lastKnownFileType = image.jpeg; name = itemIcon.jpg; path = "He3/Assets/item Icon/itemIcon.jpg"; sourceTree = "<group>"; };
		0F6FB8D7246C9D9400F5D36B /* LaunchControllers.swift */ = {isa = PBXFileReference; lastKnownFileType = sourcecode.swift; path = LaunchControllers.swift; sourceTree = "<group>"; };
		0F8291FD2495172000B5C205 /* He3 QLExtension.appex */ = {isa = PBXFileReference; explicitFileType = "wrapper.app-extension"; includeInIndex = 0; path = "He3 QLExtension.appex"; sourceTree = BUILT_PRODUCTS_DIR; };
		0F8291FE2495172100B5C205 /* QuickLookThumbnailing.framework */ = {isa = PBXFileReference; lastKnownFileType = wrapper.framework; name = QuickLookThumbnailing.framework; path = System/Library/Frameworks/QuickLookThumbnailing.framework; sourceTree = SDKROOT; };
		0F8292002495172100B5C205 /* Quartz.framework */ = {isa = PBXFileReference; lastKnownFileType = wrapper.framework; name = Quartz.framework; path = System/Library/Frameworks/Quartz.framework; sourceTree = SDKROOT; };
		0F8292032495172100B5C205 /* ThumbnailProvider.swift */ = {isa = PBXFileReference; lastKnownFileType = sourcecode.swift; path = ThumbnailProvider.swift; sourceTree = "<group>"; };
		0F8292052495172100B5C205 /* Info.plist */ = {isa = PBXFileReference; lastKnownFileType = text.plist.xml; path = Info.plist; sourceTree = "<group>"; };
		0F8292062495172100B5C205 /* He3QLExtension.entitlements */ = {isa = PBXFileReference; lastKnownFileType = text.plist.entitlements; path = He3QLExtension.entitlements; sourceTree = "<group>"; };
		0F82920E249539D900B5C205 /* Settings.swift */ = {isa = PBXFileReference; fileEncoding = 4; lastKnownFileType = sourcecode.swift; path = Settings.swift; sourceTree = "<group>"; };
		0F9EF953247019E6008DDB93 /* itemIcon.png */ = {isa = PBXFileReference; lastKnownFileType = image.png; name = itemIcon.png; path = "He3/Assets/item Icon/itemIcon.png"; sourceTree = "<group>"; };
		0F9EF95A24776468008DDB93 /* listIcon.png */ = {isa = PBXFileReference; lastKnownFileType = image.png; name = listIcon.png; path = "He3/Assets/list Icon/listIcon.png"; sourceTree = "<group>"; };
		0FACD4C32467953000A23B1F /* PromiseFileProvider.swift */ = {isa = PBXFileReference; fileEncoding = 4; lastKnownFileType = sourcecode.swift; path = PromiseFileProvider.swift; sourceTree = "<group>"; };
		0FB09333259BAAD2007B3DFD /* He3Script.sh */ = {isa = PBXFileReference; lastKnownFileType = text.script.sh; path = He3Script.sh; sourceTree = "<group>"; };
		0FB0935F259BAD1B007B3DFD /* He3ShareExtensionScript.sh */ = {isa = PBXFileReference; lastKnownFileType = text.script.sh; path = He3ShareExtensionScript.sh; sourceTree = "<group>"; };
		0FB09380259BE564007B3DFD /* He3ShareExtension.appex */ = {isa = PBXFileReference; explicitFileType = "wrapper.app-extension"; includeInIndex = 0; path = He3ShareExtension.appex; sourceTree = BUILT_PRODUCTS_DIR; };
		0FB09384259BE564007B3DFD /* ShareViewController.swift */ = {isa = PBXFileReference; lastKnownFileType = sourcecode.swift; path = ShareViewController.swift; sourceTree = "<group>"; };
		0FB09387259BE564007B3DFD /* Base */ = {isa = PBXFileReference; lastKnownFileType = file.xib; name = Base; path = Base.lproj/ShareViewController.xib; sourceTree = "<group>"; };
		0FB09389259BE564007B3DFD /* Info.plist */ = {isa = PBXFileReference; lastKnownFileType = text.plist.xml; path = Info.plist; sourceTree = "<group>"; };
		0FB0938A259BE564007B3DFD /* He3ShareExtension.entitlements */ = {isa = PBXFileReference; lastKnownFileType = text.plist.entitlements; path = He3ShareExtension.entitlements; sourceTree = "<group>"; };
		0FB093AF259D5D68007B3DFD /* fr */ = {isa = PBXFileReference; lastKnownFileType = text.plist.strings; name = fr; path = fr.lproj/ShareViewController.strings; sourceTree = "<group>"; };
		0FB093B0259D5D6C007B3DFD /* de */ = {isa = PBXFileReference; lastKnownFileType = text.plist.strings; name = de; path = de.lproj/ShareViewController.strings; sourceTree = "<group>"; };
		0FB093B1259D5D70007B3DFD /* it */ = {isa = PBXFileReference; lastKnownFileType = text.plist.strings; name = it; path = it.lproj/ShareViewController.strings; sourceTree = "<group>"; };
		0FB093B2259D5D73007B3DFD /* es */ = {isa = PBXFileReference; lastKnownFileType = text.plist.strings; name = es; path = es.lproj/ShareViewController.strings; sourceTree = "<group>"; };
		0FB276F524B1EDD800695BB1 /* PrefsViewController.swift */ = {isa = PBXFileReference; lastKnownFileType = sourcecode.swift; path = PrefsViewController.swift; sourceTree = "<group>"; };
		0FB6B15525560A3000363178 /* es */ = {isa = PBXFileReference; lastKnownFileType = text.plist.strings; name = es; path = es.lproj/ShareViewController.strings; sourceTree = "<group>"; };
		0FB6B15F25560A5700363178 /* es */ = {isa = PBXFileReference; lastKnownFileType = text.plist.strings; name = es; path = es.lproj/Localizable.strings; sourceTree = "<group>"; };
		0FB6B16925560AE400363178 /* es */ = {isa = PBXFileReference; lastKnownFileType = text.plist.strings; name = es; path = es.lproj/Main.strings; sourceTree = "<group>"; };
		0FB6B16A25560BD400363178 /* en */ = {isa = PBXFileReference; lastKnownFileType = text.plist.strings; name = en; path = en.lproj/Localizable.strings; sourceTree = "<group>"; };
		0FB6B16B25560C5B00363178 /* de */ = {isa = PBXFileReference; lastKnownFileType = text.plist.strings; name = de; path = de.lproj/Main.strings; sourceTree = "<group>"; };
		0FB6B16C25560C5B00363178 /* de */ = {isa = PBXFileReference; lastKnownFileType = text.plist.strings; name = de; path = de.lproj/ShareViewController.strings; sourceTree = "<group>"; };
		0FB6B16D25560C5B00363178 /* de */ = {isa = PBXFileReference; lastKnownFileType = text.plist.strings; name = de; path = de.lproj/Localizable.strings; sourceTree = "<group>"; };
		0FB6B16E25560C6B00363178 /* it */ = {isa = PBXFileReference; lastKnownFileType = text.plist.strings; name = it; path = it.lproj/Main.strings; sourceTree = "<group>"; };
		0FB6B16F25560C6C00363178 /* it */ = {isa = PBXFileReference; lastKnownFileType = text.plist.strings; name = it; path = it.lproj/ShareViewController.strings; sourceTree = "<group>"; };
		0FB6B17025560C6C00363178 /* it */ = {isa = PBXFileReference; lastKnownFileType = text.plist.strings; name = it; path = it.lproj/Localizable.strings; sourceTree = "<group>"; };
		0FB6B1812559C3DB00363178 /* BartyCrouch.swift */ = {isa = PBXFileReference; lastKnownFileType = sourcecode.swift; name = BartyCrouch.swift; path = Support/BartyCrouch.swift; sourceTree = "<group>"; };
		0FB6B192255A12DF00363178 /* fr */ = {isa = PBXFileReference; lastKnownFileType = text.plist.strings; name = fr; path = fr.lproj/Main.strings; sourceTree = "<group>"; };
		0FB6B193255A12DF00363178 /* fr */ = {isa = PBXFileReference; lastKnownFileType = text.plist.strings; name = fr; path = fr.lproj/ShareViewController.strings; sourceTree = "<group>"; };
		0FB6B194255A12DF00363178 /* fr */ = {isa = PBXFileReference; lastKnownFileType = text.plist.strings; name = fr; path = fr.lproj/Localizable.strings; sourceTree = "<group>"; };
		0FBD9BAE2454603200332EEB /* he3_logo.icns */ = {isa = PBXFileReference; lastKnownFileType = image.icns; name = he3_logo.icns; path = "He3/Assets/he3 logo/he3_logo.icns"; sourceTree = "<group>"; };
		0FBD9BB7245473C500332EEB /* itemIcon.icns */ = {isa = PBXFileReference; lastKnownFileType = image.icns; name = itemIcon.icns; path = "He3/Assets/item Icon/itemIcon.icns"; sourceTree = "<group>"; };
		0FBD9BB92454746200332EEB /* listIcon.icns */ = {isa = PBXFileReference; lastKnownFileType = image.icns; name = listIcon.icns; path = "He3/Assets/list Icon/listIcon.icns"; sourceTree = "<group>"; };
		0FBD9BBB2454767300332EEB /* icntIcon.icns */ = {isa = PBXFileReference; lastKnownFileType = image.icns; name = icntIcon.icns; path = "He3/Assets/icnt Icon/icntIcon.icns"; sourceTree = "<group>"; };
		0FBD9BC324566C1C00332EEB /* He3-dmg */ = {isa = PBXFileReference; explicitFileType = "compiled.mach-o.executable"; includeInIndex = 0; path = "He3-dmg"; sourceTree = BUILT_PRODUCTS_DIR; };
		0FBD9BC524566C1C00332EEB /* main.swift */ = {isa = PBXFileReference; lastKnownFileType = sourcecode.swift; path = main.swift; sourceTree = "<group>"; };
		0FBEC863254F38C200E6DC35 /* SaveAsViewController.swift */ = {isa = PBXFileReference; lastKnownFileType = sourcecode.swift; path = SaveAsViewController.swift; sourceTree = "<group>"; };
		0FD21270246383E500EA5D6D /* PlaylistViewController+DragAndDrop.swift */ = {isa = PBXFileReference; fileEncoding = 4; lastKnownFileType = sourcecode.swift; path = "PlaylistViewController+DragAndDrop.swift"; sourceTree = "<group>"; };
		0FD21272246386A500EA5D6D /* Extensions.swift */ = {isa = PBXFileReference; fileEncoding = 4; lastKnownFileType = sourcecode.swift; path = Extensions.swift; sourceTree = "<group>"; };
		0FD2127424638EB900EA5D6D /* WebViewController+Navigation+UI.swift */ = {isa = PBXFileReference; fileEncoding = 4; lastKnownFileType = sourcecode.swift; path = "WebViewController+Navigation+UI.swift"; sourceTree = "<group>"; };
		0FD2127624638FFC00EA5D6D /* WebViewController+Session.swift */ = {isa = PBXFileReference; fileEncoding = 4; lastKnownFileType = sourcecode.swift; path = "WebViewController+Session.swift"; sourceTree = "<group>"; };
		0FD212782466441F00EA5D6D /* PlayList.swift */ = {isa = PBXFileReference; lastKnownFileType = sourcecode.swift; path = PlayList.swift; sourceTree = "<group>"; };
		0FD2127A2466448500EA5D6D /* PlayItem.swift */ = {isa = PBXFileReference; lastKnownFileType = sourcecode.swift; path = PlayItem.swift; sourceTree = "<group>"; };
		0FD2127C2466D71200EA5D6D /* DocController.swift */ = {isa = PBXFileReference; lastKnownFileType = sourcecode.swift; path = DocController.swift; sourceTree = "<group>"; };
		0FD2127E2466D7C800EA5D6D /* Types.swift */ = {isa = PBXFileReference; fileEncoding = 4; lastKnownFileType = sourcecode.swift; path = Types.swift; sourceTree = "<group>"; };
		0FD212802467052900EA5D6D /* PlayTableCellView.swift */ = {isa = PBXFileReference; fileEncoding = 4; lastKnownFileType = sourcecode.swift; path = PlayTableCellView.swift; sourceTree = "<group>"; };
		0FE20A922545A78300551CF3 /* he3_icnt.icns */ = {isa = PBXFileReference; lastKnownFileType = image.icns; name = he3_icnt.icns; path = "He3/Assets/icnt Icon/he3_icnt.icns"; sourceTree = "<group>"; };
		0FE20A9C2546462600551CF3 /* WebViewController+DragAndDrop.swift */ = {isa = PBXFileReference; lastKnownFileType = sourcecode.swift; path = "WebViewController+DragAndDrop.swift"; sourceTree = "<group>"; };
		0FE20AA6254653CF00551CF3 /* WebView.swift */ = {isa = PBXFileReference; lastKnownFileType = sourcecode.swift; path = WebView.swift; sourceTree = "<group>"; };
/* End PBXFileReference section */

/* Begin PBXFrameworksBuildPhase section */
		0F2370CA244E8CEA009F7914 /* Frameworks */ = {
			isa = PBXFrameworksBuildPhase;
			buildActionMask = 2147483647;
			files = (
				0F3717182549077600D65218 /* Fuzi in Frameworks */,
				0F371722254907AA00D65218 /* WebArchiver in Frameworks */,
				0F3D232E256D3F1E00FF6FC3 /* Down in Frameworks */,
			);
			runOnlyForDeploymentPostprocessing = 0;
		};
		0F2370DE244E8CEC009F7914 /* Frameworks */ = {
			isa = PBXFrameworksBuildPhase;
			buildActionMask = 2147483647;
			files = (
			);
			runOnlyForDeploymentPostprocessing = 0;
		};
		0F307163246A3D0B00684B84 /* Frameworks */ = {
			isa = PBXFrameworksBuildPhase;
			buildActionMask = 2147483647;
			files = (
			);
			runOnlyForDeploymentPostprocessing = 0;
		};
		0F528FFC244F142800A9B9DC /* Frameworks */ = {
			isa = PBXFrameworksBuildPhase;
			buildActionMask = 2147483647;
			files = (
				0F529002244F142800A9B9DC /* Cocoa.framework in Frameworks */,
			);
			runOnlyForDeploymentPostprocessing = 0;
		};
		0F52902A244F3A5800A9B9DC /* Frameworks */ = {
			isa = PBXFrameworksBuildPhase;
			buildActionMask = 2147483647;
			files = (
			);
			runOnlyForDeploymentPostprocessing = 0;
		};
		0F8291FA2495172000B5C205 /* Frameworks */ = {
			isa = PBXFrameworksBuildPhase;
			buildActionMask = 2147483647;
			files = (
				0F8291FF2495172100B5C205 /* QuickLookThumbnailing.framework in Frameworks */,
				0F8292012495172100B5C205 /* Quartz.framework in Frameworks */,
			);
			runOnlyForDeploymentPostprocessing = 0;
		};
		0FB0937D259BE564007B3DFD /* Frameworks */ = {
			isa = PBXFrameworksBuildPhase;
			buildActionMask = 2147483647;
			files = (
				0FB093A6259D5C35007B3DFD /* Cocoa.framework in Frameworks */,
			);
			runOnlyForDeploymentPostprocessing = 0;
		};
		0FBD9BC024566C1C00332EEB /* Frameworks */ = {
			isa = PBXFrameworksBuildPhase;
			buildActionMask = 2147483647;
			files = (
			);
			runOnlyForDeploymentPostprocessing = 0;
		};
/* End PBXFrameworksBuildPhase section */

/* Begin PBXGroup section */
		0F18D4EE24D342130036FB7F /* Deprecated */ = {
			isa = PBXGroup;
			children = (
				0F5290AC244F6C0D00A9B9DC /* PanelButtonBar.swift */,
				0F5290A6244F6C0C00A9B9DC /* WindowButtonBar.swift */,
			);
			path = Deprecated;
			sourceTree = "<group>";
		};
		0F2370C4244E8CEA009F7914 = {
			isa = PBXGroup;
			children = (
				0FB0935F259BAD1B007B3DFD /* He3ShareExtensionScript.sh */,
				0FB09333259BAAD2007B3DFD /* He3Script.sh */,
				0F3716FD254861FD00D65218 /* he3_icnt.png */,
				0F3716EE254860CF00D65218 /* icntIcon.jpg */,
				0F3716E52548600700D65218 /* he3_logo.png */,
				0F5290BC2451D3C300A9B9DC /* He3.icns */,
				0FBD9BAE2454603200332EEB /* he3_logo.icns */,
				0FE20A922545A78300551CF3 /* he3_icnt.icns */,
				0FBD9BBB2454767300332EEB /* icntIcon.icns */,
				0F55CD6524A6795600E49C6A /* icntIcon.jpg */,
				0F55CD6324A6794E00E49C6A /* icntIcon.png */,
				0FBD9BB7245473C500332EEB /* itemIcon.icns */,
				0F55CD6924A67B7100E49C6A /* itemIcon.jpg */,
				0F9EF953247019E6008DDB93 /* itemIcon.png */,
				0FBD9BB92454746200332EEB /* listIcon.icns */,
				0F55CD6724A67B3D00E49C6A /* listIcon.jpg */,
				0F9EF95A24776468008DDB93 /* listIcon.png */,
				0F2370CF244E8CEA009F7914 /* He3 */,
				0F529018244F14A400A9B9DC /* He3ShareExtension */,
				0F52902E244F3A5800A9B9DC /* He3Tests */,
				0F2370E4244E8CEC009F7914 /* He3UITests */,
				0FBD9BC424566C1C00332EEB /* He3-dmg */,
				0F307167246A3D0B00684B84 /* He3 Launcher */,
				0F8292022495172100B5C205 /* He3 QLExtension */,
				0FB09381259BE564007B3DFD /* He3ShareExtension */,
				0F529000244F142800A9B9DC /* Frameworks */,
				0F2370CE244E8CEA009F7914 /* Products */,
			);
			sourceTree = "<group>";
		};
		0F2370CE244E8CEA009F7914 /* Products */ = {
			isa = PBXGroup;
			children = (
				0F2370CD244E8CEA009F7914 /* He3.app */,
				0F2370E1244E8CEC009F7914 /* He3UITests.xctest */,
				0F528FFF244F142800A9B9DC /* He3 ShareExtension.appex */,
				0F52902D244F3A5800A9B9DC /* He3Tests.xctest */,
				0FBD9BC324566C1C00332EEB /* He3-dmg */,
				0F307166246A3D0B00684B84 /* He3 Launcher.app */,
				0F8291FD2495172000B5C205 /* He3 QLExtension.appex */,
				0FB09380259BE564007B3DFD /* He3ShareExtension.appex */,
			);
			name = Products;
			sourceTree = "<group>";
		};
		0F2370CF244E8CEA009F7914 /* He3 */ = {
			isa = PBXGroup;
			children = (
				0F2370F4244E904E009F7914 /* About.swift */,
				0F2370D0244E8CEA009F7914 /* AppDelegate.swift */,
				0F6FB8D7246C9D9400F5D36B /* LaunchControllers.swift */,
				0FD2127C2466D71200EA5D6D /* DocController.swift */,
				0F2370D4244E8CEA009F7914 /* Document.swift */,
				0FD212782466441F00EA5D6D /* PlayList.swift */,
				0FD2127A2466448500EA5D6D /* PlayItem.swift */,
				0F2370F8244E95DC009F7914 /* Panel.swift */,
				0F2370FC244E95ED009F7914 /* PanelController.swift */,
				0F2370FA244E95E3009F7914 /* PlaylistPanelController.swift */,
				0F2370FE244E9601009F7914 /* PlaylistViewController.swift */,
				0FD21270246383E500EA5D6D /* PlaylistViewController+DragAndDrop.swift */,
				0FACD4C32467953000A23B1F /* PromiseFileProvider.swift */,
				0FD212802467052900EA5D6D /* PlayTableCellView.swift */,
				0FB276F524B1EDD800695BB1 /* PrefsViewController.swift */,
				0FBEC863254F38C200E6DC35 /* SaveAsViewController.swift */,
				0FE20AA6254653CF00551CF3 /* WebView.swift */,
				0F2370D2244E8CEA009F7914 /* WebViewController.swift */,
				0FE20A9C2546462600551CF3 /* WebViewController+DragAndDrop.swift */,
				0FD2127424638EB900EA5D6D /* WebViewController+Navigation+UI.swift */,
				0FD2127624638FFC00EA5D6D /* WebViewController+Session.swift */,
				0F2370D6244E8CEC009F7914 /* Assets.xcassets */,
				0FB6B1812559C3DB00363178 /* BartyCrouch.swift */,
				0F2370D8244E8CEC009F7914 /* Main.storyboard */,
				0F2370DB244E8CEC009F7914 /* Info.plist */,
				0F5290B7244F6C8300A9B9DC /* Resources */,
				0F5290A4244F6BDA00A9B9DC /* Support */,
				0F2370DC244E8CEC009F7914 /* He3.entitlements */,
			);
			path = He3;
			sourceTree = "<group>";
		};
		0F2370E4244E8CEC009F7914 /* He3UITests */ = {
			isa = PBXGroup;
			children = (
				0F2370E5244E8CEC009F7914 /* He3UITests.swift */,
				0F2370E7244E8CEC009F7914 /* Info.plist */,
			);
			path = He3UITests;
			sourceTree = "<group>";
		};
		0F307167246A3D0B00684B84 /* He3 Launcher */ = {
			isa = PBXGroup;
			children = (
				0F307168246A3D0C00684B84 /* AppDelegate.swift */,
				0F30716A246A3D0C00684B84 /* ViewController.swift */,
				0F30717D246AB8CF00684B84 /* Main.storyboard */,
				0F30716C246A3D0C00684B84 /* Assets.xcassets */,
				0F307171246A3D0C00684B84 /* Info.plist */,
				0F307172246A3D0C00684B84 /* He3Launcher.entitlements */,
			);
			name = "He3 Launcher";
			path = He3Launcher;
			sourceTree = "<group>";
		};
		0F529000244F142800A9B9DC /* Frameworks */ = {
			isa = PBXGroup;
			children = (
				0F529001244F142800A9B9DC /* Cocoa.framework */,
				0F8291FE2495172100B5C205 /* QuickLookThumbnailing.framework */,
				0F8292002495172100B5C205 /* Quartz.framework */,
			);
			name = Frameworks;
			sourceTree = "<group>";
		};
		0F529018244F14A400A9B9DC /* He3ShareExtension */ = {
			isa = PBXGroup;
			children = (
				0F52901B244F14A400A9B9DC /* ShareViewController.swift */,
				0F52901D244F14A400A9B9DC /* ShareViewController.xib */,
				0F529020244F14A400A9B9DC /* Info.plist */,
				0F529021244F14A400A9B9DC /* He3ShareExtension.entitlements */,
				0F529028244F2B6000A9B9DC /* Support */,
			);
			path = He3ShareExtension;
			sourceTree = "<group>";
		};
		0F529028244F2B6000A9B9DC /* Support */ = {
			isa = PBXGroup;
			children = (
				0F529019244F14A400A9B9DC /* icon.icns */,
			);
			path = Support;
			sourceTree = "<group>";
		};
		0F52902E244F3A5800A9B9DC /* He3Tests */ = {
			isa = PBXGroup;
			children = (
				0F52902F244F3A5800A9B9DC /* He3Tests.swift */,
				0F529031244F3A5800A9B9DC /* Info.plist */,
			);
			path = He3Tests;
			sourceTree = "<group>";
		};
		0F5290A4244F6BDA00A9B9DC /* Support */ = {
			isa = PBXGroup;
			children = (
				0F18D4EE24D342130036FB7F /* Deprecated */,
				0F5290A9244F6C0C00A9B9DC /* Bridging-Header.h */,
				0F0EEE3E247D3283008F1988 /* LoadThumbnailOperation.swift */,
				0FD21272246386A500EA5D6D /* Extensions.swift */,
				0FB6B16025560A5700363178 /* Localizable.strings */,
				0FD2127E2466D7C800EA5D6D /* Types.swift */,
				0F82920E249539D900B5C205 /* Settings.swift */,
				0F5290AB244F6C0D00A9B9DC /* StringHelpers.swift */,
				0F5290A7244F6C0C00A9B9DC /* UrlHelpers.swift */,
				0F5290AA244F6C0D00A9B9DC /* UserSettings.swift */,
				0F5290A8244F6C0C00A9B9DC /* ValueTransformers.swift */,
				0F5290A5244F6C0C00A9B9DC /* WKWebViewPrivate.h */,
			);
			path = Support;
			sourceTree = "<group>";
		};
		0F5290B7244F6C8300A9B9DC /* Resources */ = {
			isa = PBXGroup;
			children = (
				0F2DF8C42458644200707628 /* He3.playground */,
				0F237112244E9AA1009F7914 /* Help */,
			);
			path = Resources;
			sourceTree = "<group>";
		};
		0F8292022495172100B5C205 /* He3 QLExtension */ = {
			isa = PBXGroup;
			children = (
				0F8292032495172100B5C205 /* ThumbnailProvider.swift */,
				0F8292052495172100B5C205 /* Info.plist */,
				0F8292062495172100B5C205 /* He3QLExtension.entitlements */,
			);
			name = "He3 QLExtension";
			path = He3QLExtension;
			sourceTree = "<group>";
		};
		0FB09381259BE564007B3DFD /* He3ShareExtension */ = {
			isa = PBXGroup;
			children = (
				0FB09384259BE564007B3DFD /* ShareViewController.swift */,
				0FB09386259BE564007B3DFD /* ShareViewController.xib */,
				0FB09389259BE564007B3DFD /* Info.plist */,
				0FB0938A259BE564007B3DFD /* He3ShareExtension.entitlements */,
			);
			path = He3ShareExtension;
			sourceTree = "<group>";
		};
		0FBD9BC424566C1C00332EEB /* He3-dmg */ = {
			isa = PBXGroup;
			children = (
				0FBD9BC524566C1C00332EEB /* main.swift */,
				0F52909E244F44DA00A9B9DC /* build-dmg.sh */,
			);
			path = "He3-dmg";
			sourceTree = "<group>";
		};
/* End PBXGroup section */

/* Begin PBXNativeTarget section */
		0F2370CC244E8CEA009F7914 /* He3 */ = {
			isa = PBXNativeTarget;
			buildConfigurationList = 0F2370EA244E8CEC009F7914 /* Build configuration list for PBXNativeTarget "He3" */;
			buildPhases = (
				0FB6B1792558C88400363178 /* ShellScript */,
				0F2370C9244E8CEA009F7914 /* Sources */,
				0F2370CA244E8CEA009F7914 /* Frameworks */,
				0F2370CB244E8CEA009F7914 /* Resources */,
				0F529012244F142800A9B9DC /* Embed App Extensions */,
				0F5290BA2450422E00A9B9DC /* CopyFiles */,
			);
			buildRules = (
			);
			dependencies = (
				0F30717B246A429D00684B84 /* PBXTargetDependency */,
				0F8292082495172100B5C205 /* PBXTargetDependency */,
				0FB0938C259BE564007B3DFD /* PBXTargetDependency */,
			);
			name = He3;
			packageProductDependencies = (
				0F3717172549077600D65218 /* Fuzi */,
				0F371721254907AA00D65218 /* WebArchiver */,
				0F3D232D256D3F1E00FF6FC3 /* Down */,
			);
			productName = He3;
			productReference = 0F2370CD244E8CEA009F7914 /* He3.app */;
			productType = "com.apple.product-type.application";
		};
		0F2370E0244E8CEC009F7914 /* He3UITests */ = {
			isa = PBXNativeTarget;
			buildConfigurationList = 0F2370ED244E8CEC009F7914 /* Build configuration list for PBXNativeTarget "He3UITests" */;
			buildPhases = (
				0F2370DD244E8CEC009F7914 /* Sources */,
				0F2370DE244E8CEC009F7914 /* Frameworks */,
				0F2370DF244E8CEC009F7914 /* Resources */,
			);
			buildRules = (
			);
			dependencies = (
				0F2370E3244E8CEC009F7914 /* PBXTargetDependency */,
			);
			name = He3UITests;
			productName = He3UITests;
			productReference = 0F2370E1244E8CEC009F7914 /* He3UITests.xctest */;
			productType = "com.apple.product-type.bundle.ui-testing";
		};
		0F307165246A3D0B00684B84 /* He3 Launcher */ = {
			isa = PBXNativeTarget;
			buildConfigurationList = 0F307173246A3D0C00684B84 /* Build configuration list for PBXNativeTarget "He3 Launcher" */;
			buildPhases = (
				0F307162246A3D0B00684B84 /* Sources */,
				0F307163246A3D0B00684B84 /* Frameworks */,
				0F307164246A3D0B00684B84 /* Resources */,
			);
			buildRules = (
			);
			dependencies = (
				0FB0939A259BE586007B3DFD /* PBXTargetDependency */,
			);
			name = "He3 Launcher";
			productName = "He3 Launcher";
			productReference = 0F307166246A3D0B00684B84 /* He3 Launcher.app */;
			productType = "com.apple.product-type.application";
		};
		0F528FFE244F142800A9B9DC /* He3 ShareExtension */ = {
			isa = PBXNativeTarget;
			buildConfigurationList = 0F52900F244F142800A9B9DC /* Build configuration list for PBXNativeTarget "He3 ShareExtension" */;
			buildPhases = (
				0FBD9BCF2457077900332EEB /* ShellScript */,
				0F528FFB244F142800A9B9DC /* Sources */,
				0F528FFC244F142800A9B9DC /* Frameworks */,
				0F528FFD244F142800A9B9DC /* Resources */,
			);
			buildRules = (
			);
			dependencies = (
			);
			name = "He3 ShareExtension";
			productName = He3ShareExtension;
			productReference = 0F528FFF244F142800A9B9DC /* He3 ShareExtension.appex */;
			productType = "com.apple.product-type.app-extension";
		};
		0F52902C244F3A5800A9B9DC /* He3Tests */ = {
			isa = PBXNativeTarget;
			buildConfigurationList = 0F529034244F3A5800A9B9DC /* Build configuration list for PBXNativeTarget "He3Tests" */;
			buildPhases = (
				0F529029244F3A5800A9B9DC /* Sources */,
				0F52902A244F3A5800A9B9DC /* Frameworks */,
				0F52902B244F3A5800A9B9DC /* Resources */,
			);
			buildRules = (
			);
			dependencies = (
				0F529033244F3A5800A9B9DC /* PBXTargetDependency */,
			);
			name = He3Tests;
			productName = He3Tests;
			productReference = 0F52902D244F3A5800A9B9DC /* He3Tests.xctest */;
			productType = "com.apple.product-type.bundle.unit-test";
		};
		0F8291FC2495172000B5C205 /* He3 QLExtension */ = {
			isa = PBXNativeTarget;
			buildConfigurationList = 0F82920A2495172100B5C205 /* Build configuration list for PBXNativeTarget "He3 QLExtension" */;
			buildPhases = (
				0F8291F92495172000B5C205 /* Sources */,
				0F8291FA2495172000B5C205 /* Frameworks */,
				0F8291FB2495172000B5C205 /* Resources */,
			);
			buildRules = (
			);
			dependencies = (
				0FB0939C259BE592007B3DFD /* PBXTargetDependency */,
			);
			name = "He3 QLExtension";
			productName = "He3-QLExtension";
			productReference = 0F8291FD2495172000B5C205 /* He3 QLExtension.appex */;
			productType = "com.apple.product-type.app-extension";
		};
		0FB0937F259BE564007B3DFD /* He3ShareExtension */ = {
			isa = PBXNativeTarget;
			buildConfigurationList = 0FB0938E259BE564007B3DFD /* Build configuration list for PBXNativeTarget "He3ShareExtension" */;
			buildPhases = (
				0FB0937C259BE564007B3DFD /* Sources */,
				0FB0937D259BE564007B3DFD /* Frameworks */,
				0FB0937E259BE564007B3DFD /* Resources */,
				0FB0939D259BE5AD007B3DFD /* ShellScript */,
			);
			buildRules = (
			);
			dependencies = (
			);
			name = He3ShareExtension;
			productName = He3ShareExtension;
			productReference = 0FB09380259BE564007B3DFD /* He3ShareExtension.appex */;
			productType = "com.apple.product-type.app-extension";
		};
		0FBD9BC224566C1C00332EEB /* He3-dmg */ = {
			isa = PBXNativeTarget;
			buildConfigurationList = 0FBD9BC724566C1C00332EEB /* Build configuration list for PBXNativeTarget "He3-dmg" */;
			buildPhases = (
				0FBD9BBF24566C1C00332EEB /* Sources */,
				0FBD9BC024566C1C00332EEB /* Frameworks */,
				0FBD9BC124566C1C00332EEB /* CopyFiles */,
				0FBD9BCA24566C3B00332EEB /* Build DMG */,
			);
			buildRules = (
			);
			dependencies = (
				0FBD9BCC24566C5500332EEB /* PBXTargetDependency */,
			);
			name = "He3-dmg";
			productName = "He3-dmg";
			productReference = 0FBD9BC324566C1C00332EEB /* He3-dmg */;
			productType = "com.apple.product-type.tool";
		};
/* End PBXNativeTarget section */

/* Begin PBXProject section */
		0F2370C5244E8CEA009F7914 /* Project object */ = {
			isa = PBXProject;
			attributes = {
				LastSwiftUpdateCheck = 1200;
				LastUpgradeCheck = 1200;
				ORGANIZATIONNAME = "Carlos D. Santiago";
				TargetAttributes = {
					0F2370CC244E8CEA009F7914 = {
						CreatedOnToolsVersion = 11.3.1;
					};
					0F2370E0244E8CEC009F7914 = {
						CreatedOnToolsVersion = 11.3.1;
						TestTargetID = 0F2370CC244E8CEA009F7914;
					};
					0F307165246A3D0B00684B84 = {
						CreatedOnToolsVersion = 11.3.1;
					};
					0F528FFE244F142800A9B9DC = {
						CreatedOnToolsVersion = 11.3.1;
					};
					0F52902C244F3A5800A9B9DC = {
						CreatedOnToolsVersion = 11.3.1;
						TestTargetID = 0F2370CC244E8CEA009F7914;
					};
					0F8291FC2495172000B5C205 = {
						CreatedOnToolsVersion = 11.5;
					};
					0FB0937F259BE564007B3DFD = {
						CreatedOnToolsVersion = 12.0;
					};
					0FBD9BC224566C1C00332EEB = {
						CreatedOnToolsVersion = 11.3.1;
					};
				};
			};
			buildConfigurationList = 0F2370C8244E8CEA009F7914 /* Build configuration list for PBXProject "He3" */;
			compatibilityVersion = "Xcode 9.3";
			developmentRegion = en;
			hasScannedForEncodings = 0;
			knownRegions = (
				en,
				Base,
				es,
				de,
				it,
				fr,
			);
			mainGroup = 0F2370C4244E8CEA009F7914;
			packageReferences = (
				0F3717162549077600D65218 /* XCRemoteSwiftPackageReference "Fuzi" */,
				0F371720254907AA00D65218 /* XCRemoteSwiftPackageReference "WebArchiver" */,
				0FB6B19C255A160F00363178 /* XCRemoteSwiftPackageReference "BartyCrouch" */,
				0F3D232C256D3F1E00FF6FC3 /* XCRemoteSwiftPackageReference "Down" */,
			);
			productRefGroup = 0F2370CE244E8CEA009F7914 /* Products */;
			projectDirPath = "";
			projectRoot = "";
			targets = (
				0F2370CC244E8CEA009F7914 /* He3 */,
				0F2370E0244E8CEC009F7914 /* He3UITests */,
				0F528FFE244F142800A9B9DC /* He3 ShareExtension */,
				0F52902C244F3A5800A9B9DC /* He3Tests */,
				0FBD9BC224566C1C00332EEB /* He3-dmg */,
				0F307165246A3D0B00684B84 /* He3 Launcher */,
				0F8291FC2495172000B5C205 /* He3 QLExtension */,
				0FB0937F259BE564007B3DFD /* He3ShareExtension */,
			);
		};
/* End PBXProject section */

/* Begin PBXResourcesBuildPhase section */
		0F2370CB244E8CEA009F7914 /* Resources */ = {
			isa = PBXResourcesBuildPhase;
			buildActionMask = 2147483647;
			files = (
				0F37170D2548635200D65218 /* he3_icnt.icns in Resources */,
				0FBD9BB8245473C600332EEB /* itemIcon.icns in Resources */,
				0F2370D7244E8CEC009F7914 /* Assets.xcassets in Resources */,
				0F55CD6A24A67B7100E49C6A /* itemIcon.jpg in Resources */,
				0F5290BD2451D3C400A9B9DC /* He3.icns in Resources */,
				0FB09334259BAAD2007B3DFD /* He3Script.sh in Resources */,
				0F237113244E9AA1009F7914 /* Help in Resources */,
				0F55CD6624A6795600E49C6A /* icntIcon.jpg in Resources */,
				0FBD9BBC2454767300332EEB /* icntIcon.icns in Resources */,
				0F55CD6424A6794E00E49C6A /* icntIcon.png in Resources */,
				0FB6B15D25560A5700363178 /* Localizable.strings in Resources */,
				0F55CD6824A67B3D00E49C6A /* listIcon.jpg in Resources */,
				0FBD9BBA2454746200332EEB /* listIcon.icns in Resources */,
				0F9EF954247019E6008DDB93 /* itemIcon.png in Resources */,
				0F2370DA244E8CEC009F7914 /* Main.storyboard in Resources */,
				0F9EF95B24776468008DDB93 /* listIcon.png in Resources */,
				0FBD9BAF2454603200332EEB /* he3_logo.icns in Resources */,
			);
			runOnlyForDeploymentPostprocessing = 0;
		};
		0F2370DF244E8CEC009F7914 /* Resources */ = {
			isa = PBXResourcesBuildPhase;
			buildActionMask = 2147483647;
			files = (
			);
			runOnlyForDeploymentPostprocessing = 0;
		};
		0F307164246A3D0B00684B84 /* Resources */ = {
			isa = PBXResourcesBuildPhase;
			buildActionMask = 2147483647;
			files = (
				0FDBA00D24DD7F7E00F4B58E /* Main.storyboard in Resources */,
				0F30716D246A3D0C00684B84 /* Assets.xcassets in Resources */,
			);
			runOnlyForDeploymentPostprocessing = 0;
		};
		0F528FFD244F142800A9B9DC /* Resources */ = {
			isa = PBXResourcesBuildPhase;
			buildActionMask = 2147483647;
			files = (
				0F5290A3244F665D00A9B9DC /* ShareViewController.xib in Resources */,
			);
			runOnlyForDeploymentPostprocessing = 0;
		};
		0F52902B244F3A5800A9B9DC /* Resources */ = {
			isa = PBXResourcesBuildPhase;
			buildActionMask = 2147483647;
			files = (
			);
			runOnlyForDeploymentPostprocessing = 0;
		};
		0F8291FB2495172000B5C205 /* Resources */ = {
			isa = PBXResourcesBuildPhase;
			buildActionMask = 2147483647;
			files = (
				0FC4891C24DDDB220028032C /* icntIcon.jpg in Resources */,
				0F3716E62548600700D65218 /* he3_logo.png in Resources */,
				0FC4891F24DDDB340028032C /* listIcon.png in Resources */,
				0FC4891D24DDDB290028032C /* icntIcon.png in Resources */,
				0FB6B15E25560A5700363178 /* Localizable.strings in Resources */,
				0FC4892024DDDB3B0028032C /* itemIcon.png in Resources */,
				0FC4891E24DDDB2F0028032C /* listIcon.jpg in Resources */,
				0FC4892124DDDB3F0028032C /* itemIcon.jpg in Resources */,
				0FE20A942545A78300551CF3 /* he3_icnt.icns in Resources */,
			);
			runOnlyForDeploymentPostprocessing = 0;
		};
		0FB0937E259BE564007B3DFD /* Resources */ = {
			isa = PBXResourcesBuildPhase;
			buildActionMask = 2147483647;
			files = (
				0FB09388259BE564007B3DFD /* ShareViewController.xib in Resources */,
			);
			runOnlyForDeploymentPostprocessing = 0;
		};
/* End PBXResourcesBuildPhase section */

/* Begin PBXShellScriptBuildPhase section */
		0FB0939D259BE5AD007B3DFD /* ShellScript */ = {
			isa = PBXShellScriptBuildPhase;
			buildActionMask = 2147483647;
			files = (
			);
			inputFileListPaths = (
			);
			inputPaths = (
			);
			outputFileListPaths = (
			);
			outputPaths = (
			);
			runOnlyForDeploymentPostprocessing = 0;
			shellPath = /bin/sh;
			shellScript = "# Type a script or drag a script file from your workspace to insert its path.\n\nsource He3ShareExtensionScript.sh\n";
		};
		0FB6B1792558C88400363178 /* ShellScript */ = {
			isa = PBXShellScriptBuildPhase;
			buildActionMask = 2147483647;
			files = (
			);
			inputFileListPaths = (
			);
			inputPaths = (
			);
			outputFileListPaths = (
			);
			outputPaths = (
			);
			runOnlyForDeploymentPostprocessing = 0;
			shellPath = /bin/sh;
			shellScript = "source He3Script.sh\n";
		};
		0FBD9BCA24566C3B00332EEB /* Build DMG */ = {
			isa = PBXShellScriptBuildPhase;
			buildActionMask = 2147483647;
			files = (
			);
			inputFileListPaths = (
			);
			inputPaths = (
			);
			name = "Build DMG";
			outputFileListPaths = (
			);
			outputPaths = (
			);
			runOnlyForDeploymentPostprocessing = 0;
			shellPath = /bin/sh;
			shellScript = "# Type a script or drag a script file from your workspace to insert its path.\n\n$(PROJECT_DIR)/He3-dmg/build-dmg.sh\n";
		};
		0FBD9BCF2457077900332EEB /* ShellScript */ = {
			isa = PBXShellScriptBuildPhase;
			buildActionMask = 2147483647;
			files = (
			);
			inputFileListPaths = (
			);
			inputPaths = (
			);
			outputFileListPaths = (
			);
			outputPaths = (
			);
			runOnlyForDeploymentPostprocessing = 0;
			shellPath = /bin/sh;
			shellScript = "# Type a script or drag a script file from your workspace to insert its path.\n\nsource He3ShareExtensionScript.sh\n";
		};
/* End PBXShellScriptBuildPhase section */

/* Begin PBXSourcesBuildPhase section */
		0F2370C9244E8CEA009F7914 /* Sources */ = {
			isa = PBXSourcesBuildPhase;
			buildActionMask = 2147483647;
			files = (
				0F0EEE3F247D3283008F1988 /* LoadThumbnailOperation.swift in Sources */,
				0F2370FF244E9601009F7914 /* PlaylistViewController.swift in Sources */,
				0FD2127B2466448500EA5D6D /* PlayItem.swift in Sources */,
				0F5290B2244F6C0D00A9B9DC /* UserSettings.swift in Sources */,
				0F6FB8D8246C9D9400F5D36B /* LaunchControllers.swift in Sources */,
				0F5290B3244F6C0D00A9B9DC /* StringHelpers.swift in Sources */,
				0FD21271246383E500EA5D6D /* PlaylistViewController+DragAndDrop.swift in Sources */,
				0F2370F5244E904E009F7914 /* About.swift in Sources */,
				0FACD4C42467953000A23B1F /* PromiseFileProvider.swift in Sources */,
				0F2370F9244E95DC009F7914 /* Panel.swift in Sources */,
				0F5290B1244F6C0D00A9B9DC /* ValueTransformers.swift in Sources */,
				0FD212812467052900EA5D6D /* PlayTableCellView.swift in Sources */,
				0FD2127724638FFC00EA5D6D /* WebViewController+Session.swift in Sources */,
				0FE20AA7254653CF00551CF3 /* WebView.swift in Sources */,
				0F9EF9592471FAF9008DDB93 /* Types.swift in Sources */,
				0FBEC864254F38C200E6DC35 /* SaveAsViewController.swift in Sources */,
				0FD212792466441F00EA5D6D /* PlayList.swift in Sources */,
				0F2370FD244E95ED009F7914 /* PanelController.swift in Sources */,
				0F2370D3244E8CEA009F7914 /* WebViewController.swift in Sources */,
				0F2370D1244E8CEA009F7914 /* AppDelegate.swift in Sources */,
				0FD2127D2466D71200EA5D6D /* DocController.swift in Sources */,
				0FD2127524638EB900EA5D6D /* WebViewController+Navigation+UI.swift in Sources */,
				0FE20A9D2546462600551CF3 /* WebViewController+DragAndDrop.swift in Sources */,
				0F5290B0244F6C0D00A9B9DC /* UrlHelpers.swift in Sources */,
				0FD21273246386A500EA5D6D /* Extensions.swift in Sources */,
				0F82920F249539D900B5C205 /* Settings.swift in Sources */,
				0FB6B1822559C3DB00363178 /* BartyCrouch.swift in Sources */,
				0F2370FB244E95E3009F7914 /* PlaylistPanelController.swift in Sources */,
				0F2370D5244E8CEA009F7914 /* Document.swift in Sources */,
				0FB276F624B1EDD800695BB1 /* PrefsViewController.swift in Sources */,
			);
			runOnlyForDeploymentPostprocessing = 0;
		};
		0F2370DD244E8CEC009F7914 /* Sources */ = {
			isa = PBXSourcesBuildPhase;
			buildActionMask = 2147483647;
			files = (
				0F2370E6244E8CEC009F7914 /* He3UITests.swift in Sources */,
			);
			runOnlyForDeploymentPostprocessing = 0;
		};
		0F307162246A3D0B00684B84 /* Sources */ = {
			isa = PBXSourcesBuildPhase;
			buildActionMask = 2147483647;
			files = (
				0F721888246C54D50070F9E4 /* UserSettings.swift in Sources */,
				0F307169246A3D0C00684B84 /* AppDelegate.swift in Sources */,
			);
			runOnlyForDeploymentPostprocessing = 0;
		};
		0F528FFB244F142800A9B9DC /* Sources */ = {
			isa = PBXSourcesBuildPhase;
			buildActionMask = 2147483647;
			files = (
				0F5290A2244F665900A9B9DC /* ShareViewController.swift in Sources */,
			);
			runOnlyForDeploymentPostprocessing = 0;
		};
		0F529029244F3A5800A9B9DC /* Sources */ = {
			isa = PBXSourcesBuildPhase;
			buildActionMask = 2147483647;
			files = (
				0FE20B0E2546666500551CF3 /* AppDelegate.swift in Sources */,
				0FE20B062546664600551CF3 /* PlayItem.swift in Sources */,
				0F529030244F3A5800A9B9DC /* He3Tests.swift in Sources */,
				0FE20B16254667D300551CF3 /* PlayList.swift in Sources */,
			);
			runOnlyForDeploymentPostprocessing = 0;
		};
		0F8291F92495172000B5C205 /* Sources */ = {
			isa = PBXSourcesBuildPhase;
			buildActionMask = 2147483647;
			files = (
				0F82920D24952ACF00B5C205 /* Types.swift in Sources */,
				0F8292042495172100B5C205 /* ThumbnailProvider.swift in Sources */,
				0FB6B1832559C3DB00363178 /* BartyCrouch.swift in Sources */,
			);
			runOnlyForDeploymentPostprocessing = 0;
		};
		0FB0937C259BE564007B3DFD /* Sources */ = {
			isa = PBXSourcesBuildPhase;
			buildActionMask = 2147483647;
			files = (
				0FB09385259BE564007B3DFD /* ShareViewController.swift in Sources */,
			);
			runOnlyForDeploymentPostprocessing = 0;
		};
		0FBD9BBF24566C1C00332EEB /* Sources */ = {
			isa = PBXSourcesBuildPhase;
			buildActionMask = 2147483647;
			files = (
			);
			runOnlyForDeploymentPostprocessing = 0;
		};
/* End PBXSourcesBuildPhase section */

/* Begin PBXTargetDependency section */
		0F2370E3244E8CEC009F7914 /* PBXTargetDependency */ = {
			isa = PBXTargetDependency;
			target = 0F2370CC244E8CEA009F7914 /* He3 */;
			targetProxy = 0F2370E2244E8CEC009F7914 /* PBXContainerItemProxy */;
		};
		0F30717B246A429D00684B84 /* PBXTargetDependency */ = {
			isa = PBXTargetDependency;
			target = 0F307165246A3D0B00684B84 /* He3 Launcher */;
			targetProxy = 0F30717A246A429D00684B84 /* PBXContainerItemProxy */;
		};
		0F529033244F3A5800A9B9DC /* PBXTargetDependency */ = {
			isa = PBXTargetDependency;
			target = 0F2370CC244E8CEA009F7914 /* He3 */;
			targetProxy = 0F529032244F3A5800A9B9DC /* PBXContainerItemProxy */;
		};
		0F8292082495172100B5C205 /* PBXTargetDependency */ = {
			isa = PBXTargetDependency;
			target = 0F8291FC2495172000B5C205 /* He3 QLExtension */;
			targetProxy = 0F8292072495172100B5C205 /* PBXContainerItemProxy */;
		};
		0FB0938C259BE564007B3DFD /* PBXTargetDependency */ = {
			isa = PBXTargetDependency;
			target = 0FB0937F259BE564007B3DFD /* He3ShareExtension */;
			targetProxy = 0FB0938B259BE564007B3DFD /* PBXContainerItemProxy */;
		};
		0FB0939A259BE586007B3DFD /* PBXTargetDependency */ = {
			isa = PBXTargetDependency;
			target = 0FB0937F259BE564007B3DFD /* He3ShareExtension */;
			targetProxy = 0FB09399259BE586007B3DFD /* PBXContainerItemProxy */;
		};
		0FB0939C259BE592007B3DFD /* PBXTargetDependency */ = {
			isa = PBXTargetDependency;
			target = 0FB0937F259BE564007B3DFD /* He3ShareExtension */;
			targetProxy = 0FB0939B259BE592007B3DFD /* PBXContainerItemProxy */;
		};
		0FBD9BCC24566C5500332EEB /* PBXTargetDependency */ = {
			isa = PBXTargetDependency;
			target = 0F2370CC244E8CEA009F7914 /* He3 */;
			targetProxy = 0FBD9BCB24566C5500332EEB /* PBXContainerItemProxy */;
		};
/* End PBXTargetDependency section */

/* Begin PBXVariantGroup section */
		0F2370D8244E8CEC009F7914 /* Main.storyboard */ = {
			isa = PBXVariantGroup;
			children = (
				0F2370D9244E8CEC009F7914 /* Base */,
				0FB6B16925560AE400363178 /* es */,
				0FB6B16B25560C5B00363178 /* de */,
				0FB6B16E25560C6B00363178 /* it */,
				0FB6B192255A12DF00363178 /* fr */,
			);
			name = Main.storyboard;
			sourceTree = "<group>";
		};
		0F52901D244F14A400A9B9DC /* ShareViewController.xib */ = {
			isa = PBXVariantGroup;
			children = (
				0F52901E244F14A400A9B9DC /* Base */,
				0FB6B15525560A3000363178 /* es */,
				0FB6B16C25560C5B00363178 /* de */,
				0FB6B16F25560C6C00363178 /* it */,
				0FB6B193255A12DF00363178 /* fr */,
			);
			name = ShareViewController.xib;
			sourceTree = "<group>";
		};
		0FB09386259BE564007B3DFD /* ShareViewController.xib */ = {
			isa = PBXVariantGroup;
			children = (
				0FB09387259BE564007B3DFD /* Base */,
				0FB093AF259D5D68007B3DFD /* fr */,
				0FB093B0259D5D6C007B3DFD /* de */,
				0FB093B1259D5D70007B3DFD /* it */,
				0FB093B2259D5D73007B3DFD /* es */,
			);
			name = ShareViewController.xib;
			sourceTree = "<group>";
		};
		0FB6B16025560A5700363178 /* Localizable.strings */ = {
			isa = PBXVariantGroup;
			children = (
				0FB6B15F25560A5700363178 /* es */,
				0FB6B16A25560BD400363178 /* en */,
				0FB6B16D25560C5B00363178 /* de */,
				0FB6B17025560C6C00363178 /* it */,
				0FB6B194255A12DF00363178 /* fr */,
			);
			name = Localizable.strings;
			sourceTree = "<group>";
		};
/* End PBXVariantGroup section */

/* Begin XCBuildConfiguration section */
		0F2370E8244E8CEC009F7914 /* Debug */ = {
			isa = XCBuildConfiguration;
			buildSettings = {
				ALWAYS_SEARCH_USER_PATHS = NO;
				CLANG_ANALYZER_LOCALIZABILITY_NONLOCALIZED = YES;
				CLANG_ANALYZER_NONNULL = YES;
				CLANG_ANALYZER_NUMBER_OBJECT_CONVERSION = YES_AGGRESSIVE;
				CLANG_CXX_LANGUAGE_STANDARD = "gnu++14";
				CLANG_CXX_LIBRARY = "libc++";
				CLANG_ENABLE_MODULES = YES;
				CLANG_ENABLE_OBJC_ARC = YES;
				CLANG_ENABLE_OBJC_WEAK = YES;
				CLANG_WARN_BLOCK_CAPTURE_AUTORELEASING = YES;
				CLANG_WARN_BOOL_CONVERSION = YES;
				CLANG_WARN_COMMA = YES;
				CLANG_WARN_CONSTANT_CONVERSION = YES;
				CLANG_WARN_DEPRECATED_OBJC_IMPLEMENTATIONS = YES;
				CLANG_WARN_DIRECT_OBJC_ISA_USAGE = YES_ERROR;
				CLANG_WARN_DOCUMENTATION_COMMENTS = YES;
				CLANG_WARN_EMPTY_BODY = YES;
				CLANG_WARN_ENUM_CONVERSION = YES;
				CLANG_WARN_INFINITE_RECURSION = YES;
				CLANG_WARN_INT_CONVERSION = YES;
				CLANG_WARN_NON_LITERAL_NULL_CONVERSION = YES;
				CLANG_WARN_OBJC_IMPLICIT_RETAIN_SELF = YES;
				CLANG_WARN_OBJC_LITERAL_CONVERSION = YES;
				CLANG_WARN_OBJC_ROOT_CLASS = YES_ERROR;
				CLANG_WARN_QUOTED_INCLUDE_IN_FRAMEWORK_HEADER = YES;
				CLANG_WARN_RANGE_LOOP_ANALYSIS = YES;
				CLANG_WARN_STRICT_PROTOTYPES = YES;
				CLANG_WARN_SUSPICIOUS_MOVE = YES;
				CLANG_WARN_UNGUARDED_AVAILABILITY = YES_AGGRESSIVE;
				CLANG_WARN_UNREACHABLE_CODE = YES;
				CLANG_WARN__DUPLICATE_METHOD_MATCH = YES;
				COPY_PHASE_STRIP = NO;
				DEBUG_INFORMATION_FORMAT = dwarf;
				ENABLE_STRICT_OBJC_MSGSEND = YES;
				ENABLE_TESTABILITY = YES;
				GCC_C_LANGUAGE_STANDARD = gnu11;
				GCC_DYNAMIC_NO_PIC = NO;
				GCC_NO_COMMON_BLOCKS = YES;
				GCC_OPTIMIZATION_LEVEL = 0;
				GCC_PREPROCESSOR_DEFINITIONS = (
					"DEBUG=1",
					"$(inherited)",
				);
				GCC_WARN_64_TO_32_BIT_CONVERSION = YES;
				GCC_WARN_ABOUT_RETURN_TYPE = YES_ERROR;
				GCC_WARN_UNDECLARED_SELECTOR = YES;
				GCC_WARN_UNINITIALIZED_AUTOS = YES_AGGRESSIVE;
				GCC_WARN_UNUSED_FUNCTION = YES;
				GCC_WARN_UNUSED_VARIABLE = YES;
				MACOSX_DEPLOYMENT_TARGET = 10.15;
				MTL_ENABLE_DEBUG_INFO = INCLUDE_SOURCE;
				MTL_FAST_MATH = YES;
				ONLY_ACTIVE_ARCH = YES;
				SDKROOT = macosx;
				SWIFT_ACTIVE_COMPILATION_CONDITIONS = DEBUG;
				SWIFT_INCLUDE_PATHS = "$(inherited) $(PROJECT_DIR)/Carthage/Checkouts/down/Source/cmark";
				SWIFT_OPTIMIZATION_LEVEL = "-Onone";
			};
			name = Debug;
		};
		0F2370E9244E8CEC009F7914 /* Release */ = {
			isa = XCBuildConfiguration;
			buildSettings = {
				ALWAYS_SEARCH_USER_PATHS = NO;
				CLANG_ANALYZER_LOCALIZABILITY_NONLOCALIZED = YES;
				CLANG_ANALYZER_NONNULL = YES;
				CLANG_ANALYZER_NUMBER_OBJECT_CONVERSION = YES_AGGRESSIVE;
				CLANG_CXX_LANGUAGE_STANDARD = "gnu++14";
				CLANG_CXX_LIBRARY = "libc++";
				CLANG_ENABLE_MODULES = YES;
				CLANG_ENABLE_OBJC_ARC = YES;
				CLANG_ENABLE_OBJC_WEAK = YES;
				CLANG_WARN_BLOCK_CAPTURE_AUTORELEASING = YES;
				CLANG_WARN_BOOL_CONVERSION = YES;
				CLANG_WARN_COMMA = YES;
				CLANG_WARN_CONSTANT_CONVERSION = YES;
				CLANG_WARN_DEPRECATED_OBJC_IMPLEMENTATIONS = YES;
				CLANG_WARN_DIRECT_OBJC_ISA_USAGE = YES_ERROR;
				CLANG_WARN_DOCUMENTATION_COMMENTS = YES;
				CLANG_WARN_EMPTY_BODY = YES;
				CLANG_WARN_ENUM_CONVERSION = YES;
				CLANG_WARN_INFINITE_RECURSION = YES;
				CLANG_WARN_INT_CONVERSION = YES;
				CLANG_WARN_NON_LITERAL_NULL_CONVERSION = YES;
				CLANG_WARN_OBJC_IMPLICIT_RETAIN_SELF = YES;
				CLANG_WARN_OBJC_LITERAL_CONVERSION = YES;
				CLANG_WARN_OBJC_ROOT_CLASS = YES_ERROR;
				CLANG_WARN_QUOTED_INCLUDE_IN_FRAMEWORK_HEADER = YES;
				CLANG_WARN_RANGE_LOOP_ANALYSIS = YES;
				CLANG_WARN_STRICT_PROTOTYPES = YES;
				CLANG_WARN_SUSPICIOUS_MOVE = YES;
				CLANG_WARN_UNGUARDED_AVAILABILITY = YES_AGGRESSIVE;
				CLANG_WARN_UNREACHABLE_CODE = YES;
				CLANG_WARN__DUPLICATE_METHOD_MATCH = YES;
				COPY_PHASE_STRIP = NO;
				DEBUG_INFORMATION_FORMAT = "dwarf-with-dsym";
				ENABLE_NS_ASSERTIONS = NO;
				ENABLE_STRICT_OBJC_MSGSEND = YES;
				GCC_C_LANGUAGE_STANDARD = gnu11;
				GCC_NO_COMMON_BLOCKS = YES;
				GCC_WARN_64_TO_32_BIT_CONVERSION = YES;
				GCC_WARN_ABOUT_RETURN_TYPE = YES_ERROR;
				GCC_WARN_UNDECLARED_SELECTOR = YES;
				GCC_WARN_UNINITIALIZED_AUTOS = YES_AGGRESSIVE;
				GCC_WARN_UNUSED_FUNCTION = YES;
				GCC_WARN_UNUSED_VARIABLE = YES;
				MACOSX_DEPLOYMENT_TARGET = 10.15;
				MTL_ENABLE_DEBUG_INFO = NO;
				MTL_FAST_MATH = YES;
				SDKROOT = macosx;
				SWIFT_COMPILATION_MODE = wholemodule;
				SWIFT_INCLUDE_PATHS = "$(inherited) $(PROJECT_DIR)/Carthage/Checkouts/down/Source/cmark";
				SWIFT_OPTIMIZATION_LEVEL = "-O";
			};
			name = Release;
		};
		0F2370EB244E8CEC009F7914 /* Debug */ = {
			isa = XCBuildConfiguration;
			buildSettings = {
				ALWAYS_EMBED_SWIFT_STANDARD_LIBRARIES = YES;
				ASSETCATALOG_COMPILER_APPICON_NAME = He3;
				CODE_SIGN_ENTITLEMENTS = He3/He3.entitlements;
				CODE_SIGN_IDENTITY = "Apple Development";
				CODE_SIGN_STYLE = Automatic;
				COMBINE_HIDPI_IMAGES = YES;
				DEVELOPMENT_ASSET_PATHS = "";
				DEVELOPMENT_TEAM = VQYGYPHYGE;
				ENABLE_HARDENED_RUNTIME = YES;
				FRAMEWORK_SEARCH_PATHS = (
					"$(inherited)",
					"$(PROJECT_DIR)/He3/Support",
				);
				INFOPLIST_FILE = He3/Info.plist;
				LD_RUNPATH_SEARCH_PATHS = (
					"$(inherited)",
					"@executable_path/../Frameworks",
				);
				MACOSX_DEPLOYMENT_TARGET = 10.15;
				PRODUCT_BUNDLE_IDENTIFIER = com.slashlos.he3;
				PRODUCT_NAME = "$(TARGET_NAME)";
				SWIFT_VERSION = 5.0;
			};
			name = Debug;
		};
		0F2370EC244E8CEC009F7914 /* Release */ = {
			isa = XCBuildConfiguration;
			buildSettings = {
				ALWAYS_EMBED_SWIFT_STANDARD_LIBRARIES = YES;
				ASSETCATALOG_COMPILER_APPICON_NAME = He3;
				CODE_SIGN_ENTITLEMENTS = He3/He3.entitlements;
				CODE_SIGN_IDENTITY = "Apple Development";
				CODE_SIGN_STYLE = Automatic;
				COMBINE_HIDPI_IMAGES = YES;
				DEVELOPMENT_ASSET_PATHS = "";
				DEVELOPMENT_TEAM = VQYGYPHYGE;
				ENABLE_HARDENED_RUNTIME = YES;
				FRAMEWORK_SEARCH_PATHS = (
					"$(inherited)",
					"$(PROJECT_DIR)/He3/Support",
				);
				INFOPLIST_FILE = He3/Info.plist;
				LD_RUNPATH_SEARCH_PATHS = (
					"$(inherited)",
					"@executable_path/../Frameworks",
				);
				MACOSX_DEPLOYMENT_TARGET = 10.15;
				PRODUCT_BUNDLE_IDENTIFIER = com.slashlos.he3;
				PRODUCT_NAME = "$(TARGET_NAME)";
				SWIFT_VERSION = 5.0;
			};
			name = Release;
		};
		0F2370EE244E8CEC009F7914 /* Debug */ = {
			isa = XCBuildConfiguration;
			buildSettings = {
				ALWAYS_EMBED_SWIFT_STANDARD_LIBRARIES = YES;
				CODE_SIGN_STYLE = Automatic;
				COMBINE_HIDPI_IMAGES = YES;
				DEVELOPMENT_TEAM = VQYGYPHYGE;
				INFOPLIST_FILE = He3UITests/Info.plist;
				LD_RUNPATH_SEARCH_PATHS = (
					"$(inherited)",
					"@executable_path/../Frameworks",
					"@loader_path/../Frameworks",
				);
				PRODUCT_BUNDLE_IDENTIFIER = com.slashlos.he3UITests;
				PRODUCT_NAME = "$(TARGET_NAME)";
				SWIFT_VERSION = 5.0;
				TEST_TARGET_NAME = He3;
			};
			name = Debug;
		};
		0F2370EF244E8CEC009F7914 /* Release */ = {
			isa = XCBuildConfiguration;
			buildSettings = {
				ALWAYS_EMBED_SWIFT_STANDARD_LIBRARIES = YES;
				CODE_SIGN_STYLE = Automatic;
				COMBINE_HIDPI_IMAGES = YES;
				DEVELOPMENT_TEAM = VQYGYPHYGE;
				INFOPLIST_FILE = He3UITests/Info.plist;
				LD_RUNPATH_SEARCH_PATHS = (
					"$(inherited)",
					"@executable_path/../Frameworks",
					"@loader_path/../Frameworks",
				);
				PRODUCT_BUNDLE_IDENTIFIER = com.slashlos.he3UITests;
				PRODUCT_NAME = "$(TARGET_NAME)";
				SWIFT_VERSION = 5.0;
				TEST_TARGET_NAME = He3;
			};
			name = Release;
		};
		0F307174246A3D0C00684B84 /* Debug */ = {
			isa = XCBuildConfiguration;
			buildSettings = {
				ASSETCATALOG_COMPILER_APPICON_NAME = AppIcon;
				CODE_SIGN_ENTITLEMENTS = He3Launcher/He3Launcher.entitlements;
				CODE_SIGN_IDENTITY = "Apple Development";
				CODE_SIGN_STYLE = Automatic;
				COMBINE_HIDPI_IMAGES = YES;
				DEVELOPMENT_TEAM = VQYGYPHYGE;
				ENABLE_HARDENED_RUNTIME = YES;
				INFOPLIST_FILE = He3Launcher/Info.plist;
				LD_RUNPATH_SEARCH_PATHS = (
					"$(inherited)",
					"@executable_path/../Frameworks",
				);
				MACOSX_DEPLOYMENT_TARGET = 10.14;
				PRODUCT_BUNDLE_IDENTIFIER = com.slashlos.he3.Launcher;
				PRODUCT_NAME = "$(TARGET_NAME)";
				SKIP_INSTALL = YES;
				SWIFT_VERSION = 5.0;
			};
			name = Debug;
		};
		0F307175246A3D0C00684B84 /* Release */ = {
			isa = XCBuildConfiguration;
			buildSettings = {
				ASSETCATALOG_COMPILER_APPICON_NAME = AppIcon;
				CODE_SIGN_ENTITLEMENTS = He3Launcher/He3Launcher.entitlements;
				CODE_SIGN_IDENTITY = "Apple Development";
				CODE_SIGN_STYLE = Automatic;
				COMBINE_HIDPI_IMAGES = YES;
				DEVELOPMENT_TEAM = VQYGYPHYGE;
				ENABLE_HARDENED_RUNTIME = YES;
				INFOPLIST_FILE = He3Launcher/Info.plist;
				LD_RUNPATH_SEARCH_PATHS = (
					"$(inherited)",
					"@executable_path/../Frameworks",
				);
				MACOSX_DEPLOYMENT_TARGET = 10.14;
				PRODUCT_BUNDLE_IDENTIFIER = com.slashlos.he3.Launcher;
				PRODUCT_NAME = "$(TARGET_NAME)";
				SKIP_INSTALL = YES;
				SWIFT_VERSION = 5.0;
			};
			name = Release;
		};
		0F529010244F142800A9B9DC /* Debug */ = {
			isa = XCBuildConfiguration;
			buildSettings = {
				CODE_SIGN_ENTITLEMENTS = He3ShareExtension/He3ShareExtension.entitlements;
				CODE_SIGN_IDENTITY = "Apple Development";
				CODE_SIGN_STYLE = Automatic;
				COMBINE_HIDPI_IMAGES = YES;
				DEVELOPMENT_TEAM = VQYGYPHYGE;
				ENABLE_HARDENED_RUNTIME = YES;
				INFOPLIST_FILE = He3ShareExtension/Info.plist;
				LD_RUNPATH_SEARCH_PATHS = (
					"$(inherited)",
					"@executable_path/../Frameworks",
					"@executable_path/../../../../Frameworks",
				);
				PRODUCT_BUNDLE_IDENTIFIER = com.slashlos.he3.He3ShareExtension;
				PRODUCT_NAME = "$(TARGET_NAME)";
				PROVISIONING_PROFILE_SPECIFIER = "";
				SKIP_INSTALL = YES;
				SWIFT_VERSION = 5.0;
			};
			name = Debug;
		};
		0F529011244F142800A9B9DC /* Release */ = {
			isa = XCBuildConfiguration;
			buildSettings = {
				CODE_SIGN_ENTITLEMENTS = He3ShareExtension/He3ShareExtension.entitlements;
				CODE_SIGN_IDENTITY = "Apple Development";
				CODE_SIGN_STYLE = Automatic;
				COMBINE_HIDPI_IMAGES = YES;
				DEVELOPMENT_TEAM = VQYGYPHYGE;
				ENABLE_HARDENED_RUNTIME = YES;
				INFOPLIST_FILE = He3ShareExtension/Info.plist;
				LD_RUNPATH_SEARCH_PATHS = (
					"$(inherited)",
					"@executable_path/../Frameworks",
					"@executable_path/../../../../Frameworks",
				);
				PRODUCT_BUNDLE_IDENTIFIER = com.slashlos.he3.He3ShareExtension;
				PRODUCT_NAME = "$(TARGET_NAME)";
				PROVISIONING_PROFILE_SPECIFIER = "";
				SKIP_INSTALL = YES;
				SWIFT_VERSION = 5.0;
			};
			name = Release;
		};
		0F529035244F3A5800A9B9DC /* Debug */ = {
			isa = XCBuildConfiguration;
			buildSettings = {
				BUNDLE_LOADER = "$(TEST_HOST)";
				CODE_SIGN_STYLE = Automatic;
				COMBINE_HIDPI_IMAGES = YES;
				DEVELOPMENT_TEAM = VQYGYPHYGE;
				INFOPLIST_FILE = He3Tests/Info.plist;
				LD_RUNPATH_SEARCH_PATHS = (
					"$(inherited)",
					"@executable_path/../Frameworks",
					"@loader_path/../Frameworks",
				);
				PRODUCT_BUNDLE_IDENTIFIER = com.slashlos.he3Tests;
				PRODUCT_NAME = "$(TARGET_NAME)";
				SWIFT_VERSION = 5.0;
				TEST_HOST = "$(BUILT_PRODUCTS_DIR)/He3.app/Contents/MacOS/He3";
			};
			name = Debug;
		};
		0F529036244F3A5800A9B9DC /* Release */ = {
			isa = XCBuildConfiguration;
			buildSettings = {
				BUNDLE_LOADER = "$(TEST_HOST)";
				CODE_SIGN_STYLE = Automatic;
				COMBINE_HIDPI_IMAGES = YES;
				DEVELOPMENT_TEAM = VQYGYPHYGE;
				INFOPLIST_FILE = He3Tests/Info.plist;
				LD_RUNPATH_SEARCH_PATHS = (
					"$(inherited)",
					"@executable_path/../Frameworks",
					"@loader_path/../Frameworks",
				);
				PRODUCT_BUNDLE_IDENTIFIER = com.slashlos.he3Tests;
				PRODUCT_NAME = "$(TARGET_NAME)";
				SWIFT_VERSION = 5.0;
				TEST_HOST = "$(BUILT_PRODUCTS_DIR)/He3.app/Contents/MacOS/He3";
			};
			name = Release;
		};
		0F82920B2495172100B5C205 /* Debug */ = {
			isa = XCBuildConfiguration;
			buildSettings = {
				CODE_SIGN_ENTITLEMENTS = He3QLExtension/He3QLExtension.entitlements;
				CODE_SIGN_IDENTITY = "Apple Development";
				CODE_SIGN_STYLE = Automatic;
				DEVELOPMENT_TEAM = VQYGYPHYGE;
				ENABLE_HARDENED_RUNTIME = YES;
				INFOPLIST_FILE = He3QLExtension/Info.plist;
				LD_RUNPATH_SEARCH_PATHS = (
					"$(inherited)",
					"@executable_path/../Frameworks",
					"@executable_path/../../../../Frameworks",
				);
				MACOSX_DEPLOYMENT_TARGET = 10.15;
				PRODUCT_BUNDLE_IDENTIFIER = com.slashlos.he3.QLExtension;
				PRODUCT_NAME = "$(TARGET_NAME)";
				SKIP_INSTALL = YES;
				SWIFT_VERSION = 5.0;
			};
			name = Debug;
		};
		0F82920C2495172100B5C205 /* Release */ = {
			isa = XCBuildConfiguration;
			buildSettings = {
				CODE_SIGN_ENTITLEMENTS = He3QLExtension/He3QLExtension.entitlements;
				CODE_SIGN_IDENTITY = "Apple Development";
				CODE_SIGN_STYLE = Automatic;
				DEVELOPMENT_TEAM = VQYGYPHYGE;
				ENABLE_HARDENED_RUNTIME = YES;
				INFOPLIST_FILE = He3QLExtension/Info.plist;
				LD_RUNPATH_SEARCH_PATHS = (
					"$(inherited)",
					"@executable_path/../Frameworks",
					"@executable_path/../../../../Frameworks",
				);
				MACOSX_DEPLOYMENT_TARGET = 10.15;
				PRODUCT_BUNDLE_IDENTIFIER = com.slashlos.he3.QLExtension;
				PRODUCT_NAME = "$(TARGET_NAME)";
				SKIP_INSTALL = YES;
				SWIFT_VERSION = 5.0;
			};
			name = Release;
		};
		0FB0938F259BE564007B3DFD /* Debug */ = {
			isa = XCBuildConfiguration;
			buildSettings = {
				CODE_SIGN_ENTITLEMENTS = He3ShareExtension/He3ShareExtension.entitlements;
				CODE_SIGN_IDENTITY = "Apple Development";
				CODE_SIGN_STYLE = Automatic;
				COMBINE_HIDPI_IMAGES = YES;
				DEVELOPMENT_TEAM = VQYGYPHYGE;
				ENABLE_HARDENED_RUNTIME = YES;
				INFOPLIST_FILE = He3ShareExtension/Info.plist;
				LD_RUNPATH_SEARCH_PATHS = (
					"$(inherited)",
					"@executable_path/../Frameworks",
					"@executable_path/../../../../Frameworks",
				);
				PRODUCT_BUNDLE_IDENTIFIER = com.slashlos.he3.He3ShareExtension;
				PRODUCT_NAME = "$(TARGET_NAME)";
				SKIP_INSTALL = YES;
				SWIFT_VERSION = 5.0;
			};
			name = Debug;
		};
		0FB09390259BE564007B3DFD /* Release */ = {
			isa = XCBuildConfiguration;
			buildSettings = {
				CODE_SIGN_ENTITLEMENTS = He3ShareExtension/He3ShareExtension.entitlements;
				CODE_SIGN_IDENTITY = "Apple Development";
				CODE_SIGN_STYLE = Automatic;
				COMBINE_HIDPI_IMAGES = YES;
				DEVELOPMENT_TEAM = VQYGYPHYGE;
				ENABLE_HARDENED_RUNTIME = YES;
				INFOPLIST_FILE = He3ShareExtension/Info.plist;
				LD_RUNPATH_SEARCH_PATHS = (
					"$(inherited)",
					"@executable_path/../Frameworks",
					"@executable_path/../../../../Frameworks",
				);
				PRODUCT_BUNDLE_IDENTIFIER = com.slashlos.he3.He3ShareExtension;
				PRODUCT_NAME = "$(TARGET_NAME)";
				SKIP_INSTALL = YES;
				SWIFT_VERSION = 5.0;
			};
			name = Release;
		};
		0FBD9BC824566C1C00332EEB /* Debug */ = {
			isa = XCBuildConfiguration;
			buildSettings = {
				CODE_SIGN_IDENTITY = "Apple Development";
				CODE_SIGN_STYLE = Automatic;
				DEVELOPMENT_TEAM = VQYGYPHYGE;
				ENABLE_HARDENED_RUNTIME = YES;
				PRODUCT_NAME = "$(TARGET_NAME)";
				SWIFT_VERSION = 5.0;
			};
			name = Debug;
		};
		0FBD9BC924566C1C00332EEB /* Release */ = {
			isa = XCBuildConfiguration;
			buildSettings = {
				CODE_SIGN_IDENTITY = "Apple Development";
				CODE_SIGN_STYLE = Automatic;
				DEVELOPMENT_TEAM = VQYGYPHYGE;
				ENABLE_HARDENED_RUNTIME = YES;
				PRODUCT_NAME = "$(TARGET_NAME)";
				SWIFT_VERSION = 5.0;
			};
			name = Release;
		};
/* End XCBuildConfiguration section */

/* Begin XCConfigurationList section */
		0F2370C8244E8CEA009F7914 /* Build configuration list for PBXProject "He3" */ = {
			isa = XCConfigurationList;
			buildConfigurations = (
				0F2370E8244E8CEC009F7914 /* Debug */,
				0F2370E9244E8CEC009F7914 /* Release */,
			);
			defaultConfigurationIsVisible = 0;
			defaultConfigurationName = Release;
		};
		0F2370EA244E8CEC009F7914 /* Build configuration list for PBXNativeTarget "He3" */ = {
			isa = XCConfigurationList;
			buildConfigurations = (
				0F2370EB244E8CEC009F7914 /* Debug */,
				0F2370EC244E8CEC009F7914 /* Release */,
			);
			defaultConfigurationIsVisible = 0;
			defaultConfigurationName = Release;
		};
		0F2370ED244E8CEC009F7914 /* Build configuration list for PBXNativeTarget "He3UITests" */ = {
			isa = XCConfigurationList;
			buildConfigurations = (
				0F2370EE244E8CEC009F7914 /* Debug */,
				0F2370EF244E8CEC009F7914 /* Release */,
			);
			defaultConfigurationIsVisible = 0;
			defaultConfigurationName = Release;
		};
		0F307173246A3D0C00684B84 /* Build configuration list for PBXNativeTarget "He3 Launcher" */ = {
			isa = XCConfigurationList;
			buildConfigurations = (
				0F307174246A3D0C00684B84 /* Debug */,
				0F307175246A3D0C00684B84 /* Release */,
			);
			defaultConfigurationIsVisible = 0;
			defaultConfigurationName = Release;
		};
		0F52900F244F142800A9B9DC /* Build configuration list for PBXNativeTarget "He3 ShareExtension" */ = {
			isa = XCConfigurationList;
			buildConfigurations = (
				0F529010244F142800A9B9DC /* Debug */,
				0F529011244F142800A9B9DC /* Release */,
			);
			defaultConfigurationIsVisible = 0;
			defaultConfigurationName = Release;
		};
		0F529034244F3A5800A9B9DC /* Build configuration list for PBXNativeTarget "He3Tests" */ = {
			isa = XCConfigurationList;
			buildConfigurations = (
				0F529035244F3A5800A9B9DC /* Debug */,
				0F529036244F3A5800A9B9DC /* Release */,
			);
			defaultConfigurationIsVisible = 0;
			defaultConfigurationName = Release;
		};
		0F82920A2495172100B5C205 /* Build configuration list for PBXNativeTarget "He3 QLExtension" */ = {
			isa = XCConfigurationList;
			buildConfigurations = (
				0F82920B2495172100B5C205 /* Debug */,
				0F82920C2495172100B5C205 /* Release */,
			);
			defaultConfigurationIsVisible = 0;
			defaultConfigurationName = Release;
		};
		0FB0938E259BE564007B3DFD /* Build configuration list for PBXNativeTarget "He3ShareExtension" */ = {
			isa = XCConfigurationList;
			buildConfigurations = (
				0FB0938F259BE564007B3DFD /* Debug */,
				0FB09390259BE564007B3DFD /* Release */,
			);
			defaultConfigurationIsVisible = 0;
			defaultConfigurationName = Release;
		};
		0FBD9BC724566C1C00332EEB /* Build configuration list for PBXNativeTarget "He3-dmg" */ = {
			isa = XCConfigurationList;
			buildConfigurations = (
				0FBD9BC824566C1C00332EEB /* Debug */,
				0FBD9BC924566C1C00332EEB /* Release */,
			);
			defaultConfigurationIsVisible = 0;
			defaultConfigurationName = Release;
		};
/* End XCConfigurationList section */

/* Begin XCRemoteSwiftPackageReference section */
		0F3717162549077600D65218 /* XCRemoteSwiftPackageReference "Fuzi" */ = {
			isa = XCRemoteSwiftPackageReference;
			repositoryURL = "https://github.com/cezheng/Fuzi";
			requirement = {
				kind = upToNextMajorVersion;
				minimumVersion = 3.1.2;
			};
		};
		0F371720254907AA00D65218 /* XCRemoteSwiftPackageReference "WebArchiver" */ = {
			isa = XCRemoteSwiftPackageReference;
			repositoryURL = "https://github.com/ernesto-elsaesser/WebArchiver";
			requirement = {
				kind = upToNextMajorVersion;
				minimumVersion = 1.0.1;
			};
		};
		0F3D232C256D3F1E00FF6FC3 /* XCRemoteSwiftPackageReference "Down" */ = {
			isa = XCRemoteSwiftPackageReference;
			repositoryURL = "https://github.com/iwasrobbed/Down.git";
			requirement = {
				kind = upToNextMajorVersion;
				minimumVersion = 0.9.4;
			};
		};
		0FB6B19C255A160F00363178 /* XCRemoteSwiftPackageReference "BartyCrouch" */ = {
			isa = XCRemoteSwiftPackageReference;
			repositoryURL = "https://github.com/Flinesoft/BartyCrouch.git";
			requirement = {
				branch = main;
				kind = branch;
			};
		};
/* End XCRemoteSwiftPackageReference section */

/* Begin XCSwiftPackageProductDependency section */
		0F3717172549077600D65218 /* Fuzi */ = {
			isa = XCSwiftPackageProductDependency;
			package = 0F3717162549077600D65218 /* XCRemoteSwiftPackageReference "Fuzi" */;
			productName = Fuzi;
		};
		0F371721254907AA00D65218 /* WebArchiver */ = {
			isa = XCSwiftPackageProductDependency;
			package = 0F371720254907AA00D65218 /* XCRemoteSwiftPackageReference "WebArchiver" */;
			productName = WebArchiver;
		};
		0F3D232D256D3F1E00FF6FC3 /* Down */ = {
			isa = XCSwiftPackageProductDependency;
			package = 0F3D232C256D3F1E00FF6FC3 /* XCRemoteSwiftPackageReference "Down" */;
			productName = Down;
		};
/* End XCSwiftPackageProductDependency section */
	};
	rootObject = 0F2370C5244E8CEA009F7914 /* Project object */;
}
